// !$*UTF8*$!
{
	archiveVersion = 1;
	classes = {
	};
	objectVersion = 48;
	objects = {

/* Begin PBXBuildFile section */
		CF00823B21A579DB00456CD6 /* stt_where_value_binding_tests.c in Sources */ = {isa = PBXBuildFile; fileRef = CF00823A21A579DA00456CD6 /* stt_where_value_binding_tests.c */; };
		CF00823D21A5E1F800456CD6 /* stt_where_value_binding_subnode_tests.c in Sources */ = {isa = PBXBuildFile; fileRef = CF00823C21A5E1F700456CD6 /* stt_where_value_binding_subnode_tests.c */; };
		CF00823F21A5F4A100456CD6 /* stt_where_value_bindings_subnode_tests.c in Sources */ = {isa = PBXBuildFile; fileRef = CF00823E21A5F4A100456CD6 /* stt_where_value_bindings_subnode_tests.c */; };
		CF0CF28A2263273B00D8CE3E /* bison_tests.c in Sources */ = {isa = PBXBuildFile; fileRef = CF0CF2882263273B00D8CE3E /* bison_tests.c */; };
		CF0CF28B2263273B00D8CE3E /* flex_tests.c in Sources */ = {isa = PBXBuildFile; fileRef = CF0CF2892263273B00D8CE3E /* flex_tests.c */; };
		CF1BF8CC22A66B3100D2081A /* rtg_expression_sub_function_call.c in Sources */ = {isa = PBXBuildFile; fileRef = CF1BF8CB22A66B3100D2081A /* rtg_expression_sub_function_call.c */; };
		CF1E1A4E224E9AEE004CDDEE /* amara_strings_simple_list.c in Sources */ = {isa = PBXBuildFile; fileRef = CF1E1A4D224E9AEE004CDDEE /* amara_strings_simple_list.c */; };
		CF2A2D7522B98362007061C2 /* rtg_expressions_simple_list.c in Sources */ = {isa = PBXBuildFile; fileRef = CF2A2D7422B98362007061C2 /* rtg_expressions_simple_list.c */; };
		CF2BC4D52232DD4A003AFD9C /* rtg_expression_sub_conditional_tests.c in Sources */ = {isa = PBXBuildFile; fileRef = CF2BC4D42232DD4A003AFD9C /* rtg_expression_sub_conditional_tests.c */; };
		CF2BC4D72234712E003AFD9C /* stt_operation_arg_tests.c in Sources */ = {isa = PBXBuildFile; fileRef = CF2BC4D62234712E003AFD9C /* stt_operation_arg_tests.c */; };
		CF376D4521653F7B000736E5 /* stt_execution_request_subnode_tests.c in Sources */ = {isa = PBXBuildFile; fileRef = CF376D2F21653F78000736E5 /* stt_execution_request_subnode_tests.c */; };
		CF376D4621653F7B000736E5 /* stt_execution_requests_simple_list_tests.c in Sources */ = {isa = PBXBuildFile; fileRef = CF376D3021653F78000736E5 /* stt_execution_requests_simple_list_tests.c */; };
		CF376D4721653F7B000736E5 /* stt_integer_literal_subnode.c in Sources */ = {isa = PBXBuildFile; fileRef = CF376D3121653F78000736E5 /* stt_integer_literal_subnode.c */; };
		CF376D4821653F7B000736E5 /* stt_node_tests.c in Sources */ = {isa = PBXBuildFile; fileRef = CF376D3221653F78000736E5 /* stt_node_tests.c */; };
		CF376D4921653F7B000736E5 /* stt_applications_simple_list_tests.c in Sources */ = {isa = PBXBuildFile; fileRef = CF376D3321653F78000736E5 /* stt_applications_simple_list_tests.c */; };
		CF376D4A21653F7B000736E5 /* stt_doc_subnode_tests.c in Sources */ = {isa = PBXBuildFile; fileRef = CF376D3421653F79000736E5 /* stt_doc_subnode_tests.c */; };
		CF376D4B21653F7B000736E5 /* stt_operation_args_simple_list_tests.c in Sources */ = {isa = PBXBuildFile; fileRef = CF376D3521653F79000736E5 /* stt_operation_args_simple_list_tests.c */; };
		CF376D4D21653F7B000736E5 /* stt_execution_request_tests.c in Sources */ = {isa = PBXBuildFile; fileRef = CF376D3721653F79000736E5 /* stt_execution_request_tests.c */; };
		CF376D4E21653F7B000736E5 /* stt_application_tests.c in Sources */ = {isa = PBXBuildFile; fileRef = CF376D3821653F79000736E5 /* stt_application_tests.c */; };
		CF376D5021653F7B000736E5 /* stt_identifier_subnode_tests.c in Sources */ = {isa = PBXBuildFile; fileRef = CF376D3A21653F7A000736E5 /* stt_identifier_subnode_tests.c */; };
		CF376D5221653F7B000736E5 /* stt_operations_simple_list_tests.c in Sources */ = {isa = PBXBuildFile; fileRef = CF376D3C21653F7A000736E5 /* stt_operations_simple_list_tests.c */; };
		CF376D5321653F7B000736E5 /* stt_application_subnode_tests.c in Sources */ = {isa = PBXBuildFile; fileRef = CF376D3D21653F7A000736E5 /* stt_application_subnode_tests.c */; };
		CF376D5421653F7B000736E5 /* stt_operation_tests.c in Sources */ = {isa = PBXBuildFile; fileRef = CF376D3E21653F7A000736E5 /* stt_operation_tests.c */; };
		CF376D5521653F7B000736E5 /* stt_operation_subnode_tests.c in Sources */ = {isa = PBXBuildFile; fileRef = CF376D3F21653F7A000736E5 /* stt_operation_subnode_tests.c */; };
		CF376D5621653F7B000736E5 /* stt_operations_list_subnode_tests.c in Sources */ = {isa = PBXBuildFile; fileRef = CF376D4021653F7B000736E5 /* stt_operations_list_subnode_tests.c */; };
		CF376D5821653F7B000736E5 /* stt_integer_literal_subnode_tests.c in Sources */ = {isa = PBXBuildFile; fileRef = CF376D4221653F7B000736E5 /* stt_integer_literal_subnode_tests.c */; };
		CF376D5921653F7B000736E5 /* stt_string_literal_subnode_tests.c in Sources */ = {isa = PBXBuildFile; fileRef = CF376D4321653F7B000736E5 /* stt_string_literal_subnode_tests.c */; };
		CF376D6521653F96000736E5 /* rtg_doc_tests.c in Sources */ = {isa = PBXBuildFile; fileRef = CF376D5A21653F94000736E5 /* rtg_doc_tests.c */; };
		CF376D6721653F96000736E5 /* rtg_operation_arg_tests.c in Sources */ = {isa = PBXBuildFile; fileRef = CF376D5C21653F95000736E5 /* rtg_operation_arg_tests.c */; };
		CF376D6921653F96000736E5 /* rtg_operations_simple_list_tests.c in Sources */ = {isa = PBXBuildFile; fileRef = CF376D5E21653F95000736E5 /* rtg_operations_simple_list_tests.c */; };
		CF376D6A21653F96000736E5 /* rtg_execution_request_tests.c in Sources */ = {isa = PBXBuildFile; fileRef = CF376D5F21653F95000736E5 /* rtg_execution_request_tests.c */; };
		CF376D6B21653F96000736E5 /* rtg_application_tests.c in Sources */ = {isa = PBXBuildFile; fileRef = CF376D6021653F96000736E5 /* rtg_application_tests.c */; };
		CF376D6C21653F96000736E5 /* rtg_applications_simple_list_tests.c in Sources */ = {isa = PBXBuildFile; fileRef = CF376D6121653F96000736E5 /* rtg_applications_simple_list_tests.c */; };
		CF376D6D21653F96000736E5 /* rtg_operation_args_simple_list_tests.c in Sources */ = {isa = PBXBuildFile; fileRef = CF376D6221653F96000736E5 /* rtg_operation_args_simple_list_tests.c */; };
		CF376D6E21653F96000736E5 /* rtg_operation_tests.c in Sources */ = {isa = PBXBuildFile; fileRef = CF376D6321653F96000736E5 /* rtg_operation_tests.c */; };
		CF376D6F21653F96000736E5 /* rtg_tests.c in Sources */ = {isa = PBXBuildFile; fileRef = CF376D6421653F96000736E5 /* rtg_tests.c */; };
		CF376D7121654017000736E5 /* amara_string_tests.c in Sources */ = {isa = PBXBuildFile; fileRef = CF376D7021654016000736E5 /* amara_string_tests.c */; };
		CF376D7321654022000736E5 /* natural_tests.c in Sources */ = {isa = PBXBuildFile; fileRef = CF376D7221654022000736E5 /* natural_tests.c */; };
		CF5D03D021A015920011D02A /* rtg_expression_sub_identifier.c in Sources */ = {isa = PBXBuildFile; fileRef = CF5D03CF21A015920011D02A /* rtg_expression_sub_identifier.c */; };
		CF5D03D221A0B8500011D02A /* stt_expression_sub_dice_tests.c in Sources */ = {isa = PBXBuildFile; fileRef = CF5D03D121A0B84F0011D02A /* stt_expression_sub_dice_tests.c */; };
		CF5D03D421A0BD290011D02A /* stt_condition_subnode_tests.c in Sources */ = {isa = PBXBuildFile; fileRef = CF5D03D321A0BD280011D02A /* stt_condition_subnode_tests.c */; };
		CF5D0E0D2167E1FB00C73CA2 /* stt_rational_literal_subnode.c in Sources */ = {isa = PBXBuildFile; fileRef = CF5D0E092167E1FB00C73CA2 /* stt_rational_literal_subnode.c */; };
		CF5D0E0E2167E1FB00C73CA2 /* stt_natural_literal_subnode_tests.c in Sources */ = {isa = PBXBuildFile; fileRef = CF5D0E0A2167E1FB00C73CA2 /* stt_natural_literal_subnode_tests.c */; };
		CF5D0E0F2167E1FB00C73CA2 /* stt_natural_literal_subnode.c in Sources */ = {isa = PBXBuildFile; fileRef = CF5D0E0B2167E1FB00C73CA2 /* stt_natural_literal_subnode.c */; };
		CF5D0E102167E1FB00C73CA2 /* stt_rational_literal_subnode_tests.c in Sources */ = {isa = PBXBuildFile; fileRef = CF5D0E0C2167E1FB00C73CA2 /* stt_rational_literal_subnode_tests.c */; };
		CF66A059217A558F004D0B09 /* arn_values_simple_list.c in Sources */ = {isa = PBXBuildFile; fileRef = CF66A058217A558F004D0B09 /* arn_values_simple_list.c */; };
		CF66A05B217A55B7004D0B09 /* arn_value.c in Sources */ = {isa = PBXBuildFile; fileRef = CF66A05A217A55B7004D0B09 /* arn_value.c */; };
		CF7AA87A22539669004CBEA1 /* amara_strings_simple_list_tests.c in Sources */ = {isa = PBXBuildFile; fileRef = CF7AA87922539669004CBEA1 /* amara_strings_simple_list_tests.c */; };
		CF7B83CD21A709E800E82390 /* stt_expression_sub_identifier_tests.c in Sources */ = {isa = PBXBuildFile; fileRef = CF7B83C921A709E700E82390 /* stt_expression_sub_identifier_tests.c */; };
		CF7B83CE21A709E800E82390 /* stt_where_value_bindings_simple_list_tests.c in Sources */ = {isa = PBXBuildFile; fileRef = CF7B83CA21A709E700E82390 /* stt_where_value_bindings_simple_list_tests.c */; };
		CF7B83CF21A709E800E82390 /* stt_dice_expression_tests.c in Sources */ = {isa = PBXBuildFile; fileRef = CF7B83CB21A709E800E82390 /* stt_dice_expression_tests.c */; };
		CF7B83D021A709E800E82390 /* stt_expression_subnode_tests.c in Sources */ = {isa = PBXBuildFile; fileRef = CF7B83CC21A709E800E82390 /* stt_expression_subnode_tests.c */; };
		CF7FB85E219587A20063D890 /* stt_expression_sub_identifier.c in Sources */ = {isa = PBXBuildFile; fileRef = CF7FB8502195879F0063D890 /* stt_expression_sub_identifier.c */; };
		CF7FB85F219587A20063D890 /* stt_condition_subnode.c in Sources */ = {isa = PBXBuildFile; fileRef = CF7FB8512195879F0063D890 /* stt_condition_subnode.c */; };
		CF7FB860219587A20063D890 /* stt_expression_sub_addition.c in Sources */ = {isa = PBXBuildFile; fileRef = CF7FB8522195879F0063D890 /* stt_expression_sub_addition.c */; };
		CF7FB861219587A20063D890 /* stt_expression.c in Sources */ = {isa = PBXBuildFile; fileRef = CF7FB8532195879F0063D890 /* stt_expression.c */; };
		CF7FB862219587A20063D890 /* stt_where_value_bindings_subnode.c in Sources */ = {isa = PBXBuildFile; fileRef = CF7FB854219587A00063D890 /* stt_where_value_bindings_subnode.c */; };
		CF7FB863219587A20063D890 /* stt_where_value_binding.c in Sources */ = {isa = PBXBuildFile; fileRef = CF7FB855219587A00063D890 /* stt_where_value_binding.c */; };
		CF7FB864219587A20063D890 /* stt_expression_sub_conditional.c in Sources */ = {isa = PBXBuildFile; fileRef = CF7FB856219587A00063D890 /* stt_expression_sub_conditional.c */; };
		CF7FB865219587A20063D890 /* stt_where_value_binding_subnode.c in Sources */ = {isa = PBXBuildFile; fileRef = CF7FB857219587A00063D890 /* stt_where_value_binding_subnode.c */; };
		CF7FB866219587A20063D890 /* stt_dice_expression.c in Sources */ = {isa = PBXBuildFile; fileRef = CF7FB858219587A10063D890 /* stt_dice_expression.c */; };
		CF7FB867219587A20063D890 /* stt_expression_sub_natural_literal.c in Sources */ = {isa = PBXBuildFile; fileRef = CF7FB859219587A10063D890 /* stt_expression_sub_natural_literal.c */; };
		CF7FB868219587A20063D890 /* stt_condition.c in Sources */ = {isa = PBXBuildFile; fileRef = CF7FB85A219587A10063D890 /* stt_condition.c */; };
		CF7FB869219587A20063D890 /* stt_expression_subnode.c in Sources */ = {isa = PBXBuildFile; fileRef = CF7FB85B219587A10063D890 /* stt_expression_subnode.c */; };
		CF7FB86A219587A20063D890 /* stt_where_value_bindings_simple_list.c in Sources */ = {isa = PBXBuildFile; fileRef = CF7FB85C219587A10063D890 /* stt_where_value_bindings_simple_list.c */; };
		CF7FB86B219587A20063D890 /* stt_expression_sub_dice.c in Sources */ = {isa = PBXBuildFile; fileRef = CF7FB85D219587A20063D890 /* stt_expression_sub_dice.c */; };
		CF7FB872219587D30063D890 /* rtg_expression_sub_conditional.c in Sources */ = {isa = PBXBuildFile; fileRef = CF7FB86C219587D20063D890 /* rtg_expression_sub_conditional.c */; };
		CF7FB873219587D30063D890 /* rtg_condition.c in Sources */ = {isa = PBXBuildFile; fileRef = CF7FB86D219587D20063D890 /* rtg_condition.c */; };
		CF7FB874219587D30063D890 /* rtg_where_value_binding.c in Sources */ = {isa = PBXBuildFile; fileRef = CF7FB86E219587D30063D890 /* rtg_where_value_binding.c */; };
		CF7FB875219587D30063D890 /* rtg_where_value_bindings_simple_list.c in Sources */ = {isa = PBXBuildFile; fileRef = CF7FB86F219587D30063D890 /* rtg_where_value_bindings_simple_list.c */; };
		CF7FB876219587D30063D890 /* rtg_expression.c in Sources */ = {isa = PBXBuildFile; fileRef = CF7FB870219587D30063D890 /* rtg_expression.c */; };
		CF7FB877219587D30063D890 /* rtg_expression_sub_dice.c in Sources */ = {isa = PBXBuildFile; fileRef = CF7FB871219587D30063D890 /* rtg_expression_sub_dice.c */; };
		CF7FB879219587E70063D890 /* arn_type.c in Sources */ = {isa = PBXBuildFile; fileRef = CF7FB878219587E60063D890 /* arn_type.c */; };
		CF7FB87B2195A8530063D890 /* arn_type_tests.c in Sources */ = {isa = PBXBuildFile; fileRef = CF7FB87A2195A8530063D890 /* arn_type_tests.c */; };
		CF8AEB31219CAF1F00103D5F /* rtg_condition_tests.c in Sources */ = {isa = PBXBuildFile; fileRef = CF8AEB2E219CAF1E00103D5F /* rtg_condition_tests.c */; };
		CF8AEB32219CAF1F00103D5F /* rtg_expression_sub_natural_literal.c in Sources */ = {isa = PBXBuildFile; fileRef = CF8AEB2F219CAF1E00103D5F /* rtg_expression_sub_natural_literal.c */; };
		CF8AEB33219CAF1F00103D5F /* rtg_expression_sub_string_literal.c in Sources */ = {isa = PBXBuildFile; fileRef = CF8AEB30219CAF1F00103D5F /* rtg_expression_sub_string_literal.c */; };
		CF8AEB37219CAF3A00103D5F /* stt_condition_tests.c in Sources */ = {isa = PBXBuildFile; fileRef = CF8AEB34219CAF3A00103D5F /* stt_condition_tests.c */; };
		CF8AEB38219CAF3A00103D5F /* stt_expression_sub_string_literal.c in Sources */ = {isa = PBXBuildFile; fileRef = CF8AEB35219CAF3A00103D5F /* stt_expression_sub_string_literal.c */; };
		CF8AEB39219CAF3A00103D5F /* stt_expression_sub_conditional_tests.c in Sources */ = {isa = PBXBuildFile; fileRef = CF8AEB36219CAF3A00103D5F /* stt_expression_sub_conditional_tests.c */; };
		CF9517D62157D30D004D3F16 /* tests_runner.c in Sources */ = {isa = PBXBuildFile; fileRef = CF9517D52157D30D004D3F16 /* tests_runner.c */; };
		CF9517D82157D317004D3F16 /* dirent_wrapper.c in Sources */ = {isa = PBXBuildFile; fileRef = CF9517D72157D317004D3F16 /* dirent_wrapper.c */; };
		CF9517F02157D33A004D3F16 /* stt_execution_request_subnode.c in Sources */ = {isa = PBXBuildFile; fileRef = CF9517D92157D337004D3F16 /* stt_execution_request_subnode.c */; };
		CF9517F12157D33A004D3F16 /* stt_operations_simple_list.c in Sources */ = {isa = PBXBuildFile; fileRef = CF9517DA2157D338004D3F16 /* stt_operations_simple_list.c */; };
		CF9517F22157D33A004D3F16 /* stt_string_literal_subnode.c in Sources */ = {isa = PBXBuildFile; fileRef = CF9517DB2157D338004D3F16 /* stt_string_literal_subnode.c */; };
		CF9517F32157D33A004D3F16 /* stt_node.c in Sources */ = {isa = PBXBuildFile; fileRef = CF9517DC2157D338004D3F16 /* stt_node.c */; };
		CF9517F42157D33A004D3F16 /* stt_tests.c in Sources */ = {isa = PBXBuildFile; fileRef = CF9517DD2157D338004D3F16 /* stt_tests.c */; };
		CF9517F52157D33A004D3F16 /* stt_execution_requests_simple_list.c in Sources */ = {isa = PBXBuildFile; fileRef = CF9517DE2157D338004D3F16 /* stt_execution_requests_simple_list.c */; };
		CF9517F62157D33A004D3F16 /* stt_operation_arg.c in Sources */ = {isa = PBXBuildFile; fileRef = CF9517DF2157D338004D3F16 /* stt_operation_arg.c */; };
		CF9517F72157D33A004D3F16 /* stt_application_subnode.c in Sources */ = {isa = PBXBuildFile; fileRef = CF9517E02157D338004D3F16 /* stt_application_subnode.c */; };
		CF9517F82157D33A004D3F16 /* stt_doc_subnode.c in Sources */ = {isa = PBXBuildFile; fileRef = CF9517E12157D338004D3F16 /* stt_doc_subnode.c */; };
		CF9517FB2157D33A004D3F16 /* stt_execution_request.c in Sources */ = {isa = PBXBuildFile; fileRef = CF9517E42157D338004D3F16 /* stt_execution_request.c */; };
		CF9517FD2157D33A004D3F16 /* stt_operation_subnode.c in Sources */ = {isa = PBXBuildFile; fileRef = CF9517E62157D339004D3F16 /* stt_operation_subnode.c */; };
		CF9517FE2157D33A004D3F16 /* stt_operation.c in Sources */ = {isa = PBXBuildFile; fileRef = CF9517E72157D339004D3F16 /* stt_operation.c */; };
		CF9518002157D33A004D3F16 /* stt_application.c in Sources */ = {isa = PBXBuildFile; fileRef = CF9517E92157D339004D3F16 /* stt_application.c */; };
		CF9518032157D33A004D3F16 /* stt_identifier_subnode.c in Sources */ = {isa = PBXBuildFile; fileRef = CF9517EC2157D339004D3F16 /* stt_identifier_subnode.c */; };
		CF9518042157D33A004D3F16 /* stt_applications_simple_list.c in Sources */ = {isa = PBXBuildFile; fileRef = CF9517ED2157D339004D3F16 /* stt_applications_simple_list.c */; };
		CF9518052157D33A004D3F16 /* stt_operation_args_simple_list.c in Sources */ = {isa = PBXBuildFile; fileRef = CF9517EE2157D33A004D3F16 /* stt_operation_args_simple_list.c */; };
		CF9518062157D33A004D3F16 /* stt_operations_list_subnode.c in Sources */ = {isa = PBXBuildFile; fileRef = CF9517EF2157D33A004D3F16 /* stt_operations_list_subnode.c */; };
		CF9518132157D357004D3F16 /* rtg_operation.c in Sources */ = {isa = PBXBuildFile; fileRef = CF9518072157D355004D3F16 /* rtg_operation.c */; };
		CF9518142157D357004D3F16 /* rtg_execution_request.c in Sources */ = {isa = PBXBuildFile; fileRef = CF9518082157D356004D3F16 /* rtg_execution_request.c */; };
		CF9518152157D357004D3F16 /* rtg_operations_simple_list.c in Sources */ = {isa = PBXBuildFile; fileRef = CF9518092157D356004D3F16 /* rtg_operations_simple_list.c */; };
		CF9518172157D357004D3F16 /* rtg_operation_arg.c in Sources */ = {isa = PBXBuildFile; fileRef = CF95180B2157D356004D3F16 /* rtg_operation_arg.c */; };
		CF9518182157D357004D3F16 /* rtg_doc.c in Sources */ = {isa = PBXBuildFile; fileRef = CF95180C2157D356004D3F16 /* rtg_doc.c */; };
		CF9518192157D357004D3F16 /* rtg_execution_requests_simple_list.c in Sources */ = {isa = PBXBuildFile; fileRef = CF95180D2157D356004D3F16 /* rtg_execution_requests_simple_list.c */; };
		CF95181B2157D357004D3F16 /* rtg_applications_simple_list.c in Sources */ = {isa = PBXBuildFile; fileRef = CF95180F2157D356004D3F16 /* rtg_applications_simple_list.c */; };
		CF95181D2157D357004D3F16 /* rtg_application.c in Sources */ = {isa = PBXBuildFile; fileRef = CF9518112157D357004D3F16 /* rtg_application.c */; };
		CF95181E2157D357004D3F16 /* rtg_operation_args_simple_list.c in Sources */ = {isa = PBXBuildFile; fileRef = CF9518122157D357004D3F16 /* rtg_operation_args_simple_list.c */; };
		CF9518212157D375004D3F16 /* persistence.c in Sources */ = {isa = PBXBuildFile; fileRef = CF95181F2157D375004D3F16 /* persistence.c */; };
		CF9518222157D375004D3F16 /* persistence_tests.c in Sources */ = {isa = PBXBuildFile; fileRef = CF9518202157D375004D3F16 /* persistence_tests.c */; };
		CF9518242157D37D004D3F16 /* main.c in Sources */ = {isa = PBXBuildFile; fileRef = CF9518232157D37C004D3F16 /* main.c */; };
		CF9518262157D385004D3F16 /* arg.c in Sources */ = {isa = PBXBuildFile; fileRef = CF9518252157D385004D3F16 /* arg.c */; };
		CF9518282157D38E004D3F16 /* stdio_ninety_nine_modernizer.c in Sources */ = {isa = PBXBuildFile; fileRef = CF9518272157D38E004D3F16 /* stdio_ninety_nine_modernizer.c */; };
		CF95182F2157D39D004D3F16 /* char_array.c in Sources */ = {isa = PBXBuildFile; fileRef = CF95182A2157D39D004D3F16 /* char_array.c */; };
		CF9518302157D39D004D3F16 /* char_arrays_simple_list.c in Sources */ = {isa = PBXBuildFile; fileRef = CF95182B2157D39D004D3F16 /* char_arrays_simple_list.c */; };
		CF9518312157D39D004D3F16 /* common_tests.c in Sources */ = {isa = PBXBuildFile; fileRef = CF95182C2157D39D004D3F16 /* common_tests.c */; };
		CF9518322157D39D004D3F16 /* amara_string.c in Sources */ = {isa = PBXBuildFile; fileRef = CF95182D2157D39D004D3F16 /* amara_string.c */; };
		CF9518352157D3AD004D3F16 /* lex.minia.c in Sources */ = {isa = PBXBuildFile; fileRef = CF9518332157D3AD004D3F16 /* lex.minia.c */; };
		CF9518362157D3AD004D3F16 /* minia.tab.c in Sources */ = {isa = PBXBuildFile; fileRef = CF9518342157D3AD004D3F16 /* minia.tab.c */; };
		CF95183B2157D3B9004D3F16 /* natural.c in Sources */ = {isa = PBXBuildFile; fileRef = CF9518372157D3B8004D3F16 /* natural.c */; };
		CF95183C2157D3B9004D3F16 /* basic_arithmetic_tests.c in Sources */ = {isa = PBXBuildFile; fileRef = CF9518382157D3B8004D3F16 /* basic_arithmetic_tests.c */; };
		CF95183D2157D3B9004D3F16 /* rational.c in Sources */ = {isa = PBXBuildFile; fileRef = CF9518392157D3B8004D3F16 /* rational.c */; };
		CF95183E2157D3B9004D3F16 /* integer.c in Sources */ = {isa = PBXBuildFile; fileRef = CF95183A2157D3B8004D3F16 /* integer.c */; };
		CF9518402157D3C2004D3F16 /* assertion.c in Sources */ = {isa = PBXBuildFile; fileRef = CF95183F2157D3C1004D3F16 /* assertion.c */; };
		CF9518422157D3CC004D3F16 /* app_runner.c in Sources */ = {isa = PBXBuildFile; fileRef = CF9518412157D3CC004D3F16 /* app_runner.c */; };
		CFA37D7A21979B8F00055191 /* rtg_expression_tests.c in Sources */ = {isa = PBXBuildFile; fileRef = CFA37D7921979B8F00055191 /* rtg_expression_tests.c */; };
		CFA37D7C21979BB500055191 /* stt_expression_tests.c in Sources */ = {isa = PBXBuildFile; fileRef = CFA37D7B21979BB400055191 /* stt_expression_tests.c */; };
		CFA5DC2D2188E84B00D16B4B /* arn_variable.c in Sources */ = {isa = PBXBuildFile; fileRef = CFA5DC252188E84A00D16B4B /* arn_variable.c */; };
		CFA5DC2E2188E84B00D16B4B /* arn_values_fixed_list_tests.c in Sources */ = {isa = PBXBuildFile; fileRef = CFA5DC262188E84A00D16B4B /* arn_values_fixed_list_tests.c */; };
		CFA5DC2F2188E84B00D16B4B /* arn_variables_simple_list.c in Sources */ = {isa = PBXBuildFile; fileRef = CFA5DC272188E84A00D16B4B /* arn_variables_simple_list.c */; };
		CFA5DC302188E84B00D16B4B /* arn_tests.c in Sources */ = {isa = PBXBuildFile; fileRef = CFA5DC282188E84A00D16B4B /* arn_tests.c */; };
		CFA5DC312188E84B00D16B4B /* arn_value_tests.c in Sources */ = {isa = PBXBuildFile; fileRef = CFA5DC292188E84B00D16B4B /* arn_value_tests.c */; };
		CFA5DC322188E84B00D16B4B /* arn_variable_tests.c in Sources */ = {isa = PBXBuildFile; fileRef = CFA5DC2A2188E84B00D16B4B /* arn_variable_tests.c */; };
		CFA5DC332188E84B00D16B4B /* arn_variables_simple_list_tests.c in Sources */ = {isa = PBXBuildFile; fileRef = CFA5DC2B2188E84B00D16B4B /* arn_variables_simple_list_tests.c */; };
		CFA5DC342188E84B00D16B4B /* arn_values_simple_list_tests.c in Sources */ = {isa = PBXBuildFile; fileRef = CFA5DC2C2188E84B00D16B4B /* arn_values_simple_list_tests.c */; };
		CFA5DC362188E86900D16B4B /* rtg_execution_requests_simple_list_tests.c in Sources */ = {isa = PBXBuildFile; fileRef = CFA5DC352188E86900D16B4B /* rtg_execution_requests_simple_list_tests.c */; };
		CFA5DC392188E88200D16B4B /* rational_tests.c in Sources */ = {isa = PBXBuildFile; fileRef = CFA5DC372188E88100D16B4B /* rational_tests.c */; };
		CFA5DC3A2188E88200D16B4B /* integer_tests.c in Sources */ = {isa = PBXBuildFile; fileRef = CFA5DC382188E88100D16B4B /* integer_tests.c */; };
		CFA5DC3D2188E88D00D16B4B /* char_arrays_simple_list_tests.c in Sources */ = {isa = PBXBuildFile; fileRef = CFA5DC3B2188E88C00D16B4B /* char_arrays_simple_list_tests.c */; };
		CFA5DC3E2188E88D00D16B4B /* char_array_tests.c in Sources */ = {isa = PBXBuildFile; fileRef = CFA5DC3C2188E88C00D16B4B /* char_array_tests.c */; };
		CFAE7CDF229BEDD700C6ED35 /* stt_expression_sub_function_call.c in Sources */ = {isa = PBXBuildFile; fileRef = CFAE7CDB229BEDD600C6ED35 /* stt_expression_sub_function_call.c */; };
		CFAE7CE0229BEDD700C6ED35 /* stt_node_sub_call_options.c in Sources */ = {isa = PBXBuildFile; fileRef = CFAE7CDC229BEDD600C6ED35 /* stt_node_sub_call_options.c */; };
		CFAE7CE1229BEDD700C6ED35 /* stt_expressions_simple_list.c in Sources */ = {isa = PBXBuildFile; fileRef = CFAE7CDD229BEDD700C6ED35 /* stt_expressions_simple_list.c */; };
		CFAE7CE2229BEDD700C6ED35 /* stt_node_sub_expressions_list.c in Sources */ = {isa = PBXBuildFile; fileRef = CFAE7CDE229BEDD700C6ED35 /* stt_node_sub_expressions_list.c */; };
		CFAFC9C6217CBA85000842FC /* stt_named_function.c in Sources */ = {isa = PBXBuildFile; fileRef = CFAFC9C0217CBA84000842FC /* stt_named_function.c */; };
		CFAFC9C7217CBA85000842FC /* stt_named_functions_simple_list.c in Sources */ = {isa = PBXBuildFile; fileRef = CFAFC9C1217CBA84000842FC /* stt_named_functions_simple_list.c */; };
		CFAFC9C8217CBA85000842FC /* stt_named_function_tests.c in Sources */ = {isa = PBXBuildFile; fileRef = CFAFC9C2217CBA85000842FC /* stt_named_function_tests.c */; };
		CFAFC9C9217CBA85000842FC /* stt_named_function_subnode_tests.c in Sources */ = {isa = PBXBuildFile; fileRef = CFAFC9C3217CBA85000842FC /* stt_named_function_subnode_tests.c */; };
		CFAFC9CA217CBA85000842FC /* stt_named_functions_simple_list_tests.c in Sources */ = {isa = PBXBuildFile; fileRef = CFAFC9C4217CBA85000842FC /* stt_named_functions_simple_list_tests.c */; };
		CFAFC9CB217CBA85000842FC /* stt_named_function_subnode.c in Sources */ = {isa = PBXBuildFile; fileRef = CFAFC9C5217CBA85000842FC /* stt_named_function_subnode.c */; };
		CFAFC9CD217CBA9F000842FC /* arn_values_fixed_list.c in Sources */ = {isa = PBXBuildFile; fileRef = CFAFC9CC217CBA9F000842FC /* arn_values_fixed_list.c */; };
		CFAFC9D0217CBACA000842FC /* rtg_named_function.c in Sources */ = {isa = PBXBuildFile; fileRef = CFAFC9CE217CBACA000842FC /* rtg_named_function.c */; };
		CFAFC9D1217CBACA000842FC /* rtg_named_functions_simple_list.c in Sources */ = {isa = PBXBuildFile; fileRef = CFAFC9CF217CBACA000842FC /* rtg_named_functions_simple_list.c */; };
		CFAFC9D4217CBAE0000842FC /* rtg_named_functions_simple_list_tests.c in Sources */ = {isa = PBXBuildFile; fileRef = CFAFC9D2217CBAE0000842FC /* rtg_named_functions_simple_list_tests.c */; };
		CFAFC9D5217CBAE0000842FC /* rtg_named_function_tests.c in Sources */ = {isa = PBXBuildFile; fileRef = CFAFC9D3217CBAE0000842FC /* rtg_named_function_tests.c */; };
		CFBD79F8222FE755005A6867 /* rtg_expression_sub_dice_tests.c in Sources */ = {isa = PBXBuildFile; fileRef = CFBD79F6222FE755005A6867 /* rtg_expression_sub_dice_tests.c */; };
		CFBD79F9222FE755005A6867 /* rtg_expression_sub_identifier_tests.c in Sources */ = {isa = PBXBuildFile; fileRef = CFBD79F7222FE755005A6867 /* rtg_expression_sub_identifier_tests.c */; };
		CFC55B4222E3AA84003A47E0 /* rtg_named_functions_fixed_list.c in Sources */ = {isa = PBXBuildFile; fileRef = CFC55B4122E3AA84003A47E0 /* rtg_named_functions_fixed_list.c */; };
		CFD55539227AFE0A00A44D9B /* app_runner_tests.c in Sources */ = {isa = PBXBuildFile; fileRef = CFD55538227AFE0A00A44D9B /* app_runner_tests.c */; };
		CFFFACBC21DFC93000B45764 /* rtg_where_value_bindings_simple_list_tests.c in Sources */ = {isa = PBXBuildFile; fileRef = CFFFACBB21DFC93000B45764 /* rtg_where_value_bindings_simple_list_tests.c */; };
		CFFFACBE21DFC94A00B45764 /* rtg_where_value_binding_tests.c in Sources */ = {isa = PBXBuildFile; fileRef = CFFFACBD21DFC94900B45764 /* rtg_where_value_binding_tests.c */; };
/* End PBXBuildFile section */

/* Begin PBXCopyFilesBuildPhase section */
		CFFEB32A2157CD2F00527450 /* CopyFiles */ = {
			isa = PBXCopyFilesBuildPhase;
			buildActionMask = 2147483647;
			dstPath = /usr/share/man/man1/;
			dstSubfolderSpec = 0;
			files = (
			);
			runOnlyForDeploymentPostprocessing = 1;
		};
/* End PBXCopyFilesBuildPhase section */

/* Begin PBXFileReference section */
		CF00823A21A579DA00456CD6 /* stt_where_value_binding_tests.c */ = {isa = PBXFileReference; fileEncoding = 4; lastKnownFileType = sourcecode.c.c; name = stt_where_value_binding_tests.c; path = src/stt/stt_where_value_binding_tests.c; sourceTree = "<group>"; };
		CF00823C21A5E1F700456CD6 /* stt_where_value_binding_subnode_tests.c */ = {isa = PBXFileReference; fileEncoding = 4; lastKnownFileType = sourcecode.c.c; name = stt_where_value_binding_subnode_tests.c; path = src/stt/stt_where_value_binding_subnode_tests.c; sourceTree = "<group>"; };
		CF00823E21A5F4A100456CD6 /* stt_where_value_bindings_subnode_tests.c */ = {isa = PBXFileReference; fileEncoding = 4; lastKnownFileType = sourcecode.c.c; name = stt_where_value_bindings_subnode_tests.c; path = src/stt/stt_where_value_bindings_subnode_tests.c; sourceTree = "<group>"; };
		CF0CF2882263273B00D8CE3E /* bison_tests.c */ = {isa = PBXFileReference; fileEncoding = 4; lastKnownFileType = sourcecode.c.c; name = bison_tests.c; path = src/bsn/bison_tests.c; sourceTree = "<group>"; };
		CF0CF2892263273B00D8CE3E /* flex_tests.c */ = {isa = PBXFileReference; fileEncoding = 4; lastKnownFileType = sourcecode.c.c; name = flex_tests.c; path = src/bsn/flex_tests.c; sourceTree = "<group>"; };
		CF1BF8CB22A66B3100D2081A /* rtg_expression_sub_function_call.c */ = {isa = PBXFileReference; fileEncoding = 4; lastKnownFileType = sourcecode.c.c; name = rtg_expression_sub_function_call.c; path = src/rtg/rtg_expression_sub_function_call.c; sourceTree = "<group>"; };
		CF1E1A4D224E9AEE004CDDEE /* amara_strings_simple_list.c */ = {isa = PBXFileReference; fileEncoding = 4; lastKnownFileType = sourcecode.c.c; name = amara_strings_simple_list.c; path = src/cmn/amara_strings_simple_list.c; sourceTree = "<group>"; };
		CF2A2D7422B98362007061C2 /* rtg_expressions_simple_list.c */ = {isa = PBXFileReference; fileEncoding = 4; lastKnownFileType = sourcecode.c.c; name = rtg_expressions_simple_list.c; path = src/rtg/rtg_expressions_simple_list.c; sourceTree = "<group>"; };
		CF2BC4D42232DD4A003AFD9C /* rtg_expression_sub_conditional_tests.c */ = {isa = PBXFileReference; fileEncoding = 4; lastKnownFileType = sourcecode.c.c; name = rtg_expression_sub_conditional_tests.c; path = src/rtg/rtg_expression_sub_conditional_tests.c; sourceTree = "<group>"; };
		CF2BC4D62234712E003AFD9C /* stt_operation_arg_tests.c */ = {isa = PBXFileReference; fileEncoding = 4; lastKnownFileType = sourcecode.c.c; name = stt_operation_arg_tests.c; path = src/stt/stt_operation_arg_tests.c; sourceTree = "<group>"; };
		CF376D2F21653F78000736E5 /* stt_execution_request_subnode_tests.c */ = {isa = PBXFileReference; fileEncoding = 4; lastKnownFileType = sourcecode.c.c; name = stt_execution_request_subnode_tests.c; path = src/stt/stt_execution_request_subnode_tests.c; sourceTree = "<group>"; };
		CF376D3021653F78000736E5 /* stt_execution_requests_simple_list_tests.c */ = {isa = PBXFileReference; fileEncoding = 4; lastKnownFileType = sourcecode.c.c; name = stt_execution_requests_simple_list_tests.c; path = src/stt/stt_execution_requests_simple_list_tests.c; sourceTree = "<group>"; };
		CF376D3121653F78000736E5 /* stt_integer_literal_subnode.c */ = {isa = PBXFileReference; fileEncoding = 4; lastKnownFileType = sourcecode.c.c; name = stt_integer_literal_subnode.c; path = src/stt/stt_integer_literal_subnode.c; sourceTree = "<group>"; };
		CF376D3221653F78000736E5 /* stt_node_tests.c */ = {isa = PBXFileReference; fileEncoding = 4; lastKnownFileType = sourcecode.c.c; name = stt_node_tests.c; path = src/stt/stt_node_tests.c; sourceTree = "<group>"; };
		CF376D3321653F78000736E5 /* stt_applications_simple_list_tests.c */ = {isa = PBXFileReference; fileEncoding = 4; lastKnownFileType = sourcecode.c.c; name = stt_applications_simple_list_tests.c; path = src/stt/stt_applications_simple_list_tests.c; sourceTree = "<group>"; };
		CF376D3421653F79000736E5 /* stt_doc_subnode_tests.c */ = {isa = PBXFileReference; fileEncoding = 4; lastKnownFileType = sourcecode.c.c; name = stt_doc_subnode_tests.c; path = src/stt/stt_doc_subnode_tests.c; sourceTree = "<group>"; };
		CF376D3521653F79000736E5 /* stt_operation_args_simple_list_tests.c */ = {isa = PBXFileReference; fileEncoding = 4; lastKnownFileType = sourcecode.c.c; name = stt_operation_args_simple_list_tests.c; path = src/stt/stt_operation_args_simple_list_tests.c; sourceTree = "<group>"; };
		CF376D3721653F79000736E5 /* stt_execution_request_tests.c */ = {isa = PBXFileReference; fileEncoding = 4; lastKnownFileType = sourcecode.c.c; name = stt_execution_request_tests.c; path = src/stt/stt_execution_request_tests.c; sourceTree = "<group>"; };
		CF376D3821653F79000736E5 /* stt_application_tests.c */ = {isa = PBXFileReference; fileEncoding = 4; lastKnownFileType = sourcecode.c.c; name = stt_application_tests.c; path = src/stt/stt_application_tests.c; sourceTree = "<group>"; };
		CF376D3A21653F7A000736E5 /* stt_identifier_subnode_tests.c */ = {isa = PBXFileReference; fileEncoding = 4; lastKnownFileType = sourcecode.c.c; name = stt_identifier_subnode_tests.c; path = src/stt/stt_identifier_subnode_tests.c; sourceTree = "<group>"; };
		CF376D3C21653F7A000736E5 /* stt_operations_simple_list_tests.c */ = {isa = PBXFileReference; fileEncoding = 4; lastKnownFileType = sourcecode.c.c; name = stt_operations_simple_list_tests.c; path = src/stt/stt_operations_simple_list_tests.c; sourceTree = "<group>"; };
		CF376D3D21653F7A000736E5 /* stt_application_subnode_tests.c */ = {isa = PBXFileReference; fileEncoding = 4; lastKnownFileType = sourcecode.c.c; name = stt_application_subnode_tests.c; path = src/stt/stt_application_subnode_tests.c; sourceTree = "<group>"; };
		CF376D3E21653F7A000736E5 /* stt_operation_tests.c */ = {isa = PBXFileReference; fileEncoding = 4; lastKnownFileType = sourcecode.c.c; name = stt_operation_tests.c; path = src/stt/stt_operation_tests.c; sourceTree = "<group>"; };
		CF376D3F21653F7A000736E5 /* stt_operation_subnode_tests.c */ = {isa = PBXFileReference; fileEncoding = 4; lastKnownFileType = sourcecode.c.c; name = stt_operation_subnode_tests.c; path = src/stt/stt_operation_subnode_tests.c; sourceTree = "<group>"; };
		CF376D4021653F7B000736E5 /* stt_operations_list_subnode_tests.c */ = {isa = PBXFileReference; fileEncoding = 4; lastKnownFileType = sourcecode.c.c; name = stt_operations_list_subnode_tests.c; path = src/stt/stt_operations_list_subnode_tests.c; sourceTree = "<group>"; };
		CF376D4221653F7B000736E5 /* stt_integer_literal_subnode_tests.c */ = {isa = PBXFileReference; fileEncoding = 4; lastKnownFileType = sourcecode.c.c; name = stt_integer_literal_subnode_tests.c; path = src/stt/stt_integer_literal_subnode_tests.c; sourceTree = "<group>"; };
		CF376D4321653F7B000736E5 /* stt_string_literal_subnode_tests.c */ = {isa = PBXFileReference; fileEncoding = 4; lastKnownFileType = sourcecode.c.c; name = stt_string_literal_subnode_tests.c; path = src/stt/stt_string_literal_subnode_tests.c; sourceTree = "<group>"; };
		CF376D5A21653F94000736E5 /* rtg_doc_tests.c */ = {isa = PBXFileReference; fileEncoding = 4; lastKnownFileType = sourcecode.c.c; name = rtg_doc_tests.c; path = src/rtg/rtg_doc_tests.c; sourceTree = "<group>"; };
		CF376D5C21653F95000736E5 /* rtg_operation_arg_tests.c */ = {isa = PBXFileReference; fileEncoding = 4; lastKnownFileType = sourcecode.c.c; name = rtg_operation_arg_tests.c; path = src/rtg/rtg_operation_arg_tests.c; sourceTree = "<group>"; };
		CF376D5E21653F95000736E5 /* rtg_operations_simple_list_tests.c */ = {isa = PBXFileReference; fileEncoding = 4; lastKnownFileType = sourcecode.c.c; name = rtg_operations_simple_list_tests.c; path = src/rtg/rtg_operations_simple_list_tests.c; sourceTree = "<group>"; };
		CF376D5F21653F95000736E5 /* rtg_execution_request_tests.c */ = {isa = PBXFileReference; fileEncoding = 4; lastKnownFileType = sourcecode.c.c; name = rtg_execution_request_tests.c; path = src/rtg/rtg_execution_request_tests.c; sourceTree = "<group>"; };
		CF376D6021653F96000736E5 /* rtg_application_tests.c */ = {isa = PBXFileReference; fileEncoding = 4; lastKnownFileType = sourcecode.c.c; name = rtg_application_tests.c; path = src/rtg/rtg_application_tests.c; sourceTree = "<group>"; };
		CF376D6121653F96000736E5 /* rtg_applications_simple_list_tests.c */ = {isa = PBXFileReference; fileEncoding = 4; lastKnownFileType = sourcecode.c.c; name = rtg_applications_simple_list_tests.c; path = src/rtg/rtg_applications_simple_list_tests.c; sourceTree = "<group>"; };
		CF376D6221653F96000736E5 /* rtg_operation_args_simple_list_tests.c */ = {isa = PBXFileReference; fileEncoding = 4; lastKnownFileType = sourcecode.c.c; name = rtg_operation_args_simple_list_tests.c; path = src/rtg/rtg_operation_args_simple_list_tests.c; sourceTree = "<group>"; };
		CF376D6321653F96000736E5 /* rtg_operation_tests.c */ = {isa = PBXFileReference; fileEncoding = 4; lastKnownFileType = sourcecode.c.c; name = rtg_operation_tests.c; path = src/rtg/rtg_operation_tests.c; sourceTree = "<group>"; };
		CF376D6421653F96000736E5 /* rtg_tests.c */ = {isa = PBXFileReference; fileEncoding = 4; lastKnownFileType = sourcecode.c.c; name = rtg_tests.c; path = src/rtg/rtg_tests.c; sourceTree = "<group>"; };
		CF376D7021654016000736E5 /* amara_string_tests.c */ = {isa = PBXFileReference; fileEncoding = 4; lastKnownFileType = sourcecode.c.c; name = amara_string_tests.c; path = src/cmn/amara_string_tests.c; sourceTree = "<group>"; };
		CF376D7221654022000736E5 /* natural_tests.c */ = {isa = PBXFileReference; fileEncoding = 4; lastKnownFileType = sourcecode.c.c; name = natural_tests.c; path = src/brt/natural_tests.c; sourceTree = "<group>"; };
		CF5D03CF21A015920011D02A /* rtg_expression_sub_identifier.c */ = {isa = PBXFileReference; fileEncoding = 4; lastKnownFileType = sourcecode.c.c; name = rtg_expression_sub_identifier.c; path = src/rtg/rtg_expression_sub_identifier.c; sourceTree = "<group>"; };
		CF5D03D121A0B84F0011D02A /* stt_expression_sub_dice_tests.c */ = {isa = PBXFileReference; fileEncoding = 4; lastKnownFileType = sourcecode.c.c; name = stt_expression_sub_dice_tests.c; path = src/stt/stt_expression_sub_dice_tests.c; sourceTree = "<group>"; };
		CF5D03D321A0BD280011D02A /* stt_condition_subnode_tests.c */ = {isa = PBXFileReference; fileEncoding = 4; lastKnownFileType = sourcecode.c.c; name = stt_condition_subnode_tests.c; path = src/stt/stt_condition_subnode_tests.c; sourceTree = "<group>"; };
		CF5D0E092167E1FB00C73CA2 /* stt_rational_literal_subnode.c */ = {isa = PBXFileReference; fileEncoding = 4; lastKnownFileType = sourcecode.c.c; name = stt_rational_literal_subnode.c; path = src/stt/stt_rational_literal_subnode.c; sourceTree = "<group>"; };
		CF5D0E0A2167E1FB00C73CA2 /* stt_natural_literal_subnode_tests.c */ = {isa = PBXFileReference; fileEncoding = 4; lastKnownFileType = sourcecode.c.c; name = stt_natural_literal_subnode_tests.c; path = src/stt/stt_natural_literal_subnode_tests.c; sourceTree = "<group>"; };
		CF5D0E0B2167E1FB00C73CA2 /* stt_natural_literal_subnode.c */ = {isa = PBXFileReference; fileEncoding = 4; lastKnownFileType = sourcecode.c.c; name = stt_natural_literal_subnode.c; path = src/stt/stt_natural_literal_subnode.c; sourceTree = "<group>"; };
		CF5D0E0C2167E1FB00C73CA2 /* stt_rational_literal_subnode_tests.c */ = {isa = PBXFileReference; fileEncoding = 4; lastKnownFileType = sourcecode.c.c; name = stt_rational_literal_subnode_tests.c; path = src/stt/stt_rational_literal_subnode_tests.c; sourceTree = "<group>"; };
		CF66A058217A558F004D0B09 /* arn_values_simple_list.c */ = {isa = PBXFileReference; fileEncoding = 4; lastKnownFileType = sourcecode.c.c; name = arn_values_simple_list.c; path = src/arn/arn_values_simple_list.c; sourceTree = "<group>"; };
		CF66A05A217A55B7004D0B09 /* arn_value.c */ = {isa = PBXFileReference; fileEncoding = 4; lastKnownFileType = sourcecode.c.c; name = arn_value.c; path = src/arn/arn_value.c; sourceTree = "<group>"; };
		CF7AA87922539669004CBEA1 /* amara_strings_simple_list_tests.c */ = {isa = PBXFileReference; fileEncoding = 4; lastKnownFileType = sourcecode.c.c; name = amara_strings_simple_list_tests.c; path = src/cmn/amara_strings_simple_list_tests.c; sourceTree = "<group>"; };
		CF7B83C921A709E700E82390 /* stt_expression_sub_identifier_tests.c */ = {isa = PBXFileReference; fileEncoding = 4; lastKnownFileType = sourcecode.c.c; name = stt_expression_sub_identifier_tests.c; path = src/stt/stt_expression_sub_identifier_tests.c; sourceTree = "<group>"; };
		CF7B83CA21A709E700E82390 /* stt_where_value_bindings_simple_list_tests.c */ = {isa = PBXFileReference; fileEncoding = 4; lastKnownFileType = sourcecode.c.c; name = stt_where_value_bindings_simple_list_tests.c; path = src/stt/stt_where_value_bindings_simple_list_tests.c; sourceTree = "<group>"; };
		CF7B83CB21A709E800E82390 /* stt_dice_expression_tests.c */ = {isa = PBXFileReference; fileEncoding = 4; lastKnownFileType = sourcecode.c.c; name = stt_dice_expression_tests.c; path = src/stt/stt_dice_expression_tests.c; sourceTree = "<group>"; };
		CF7B83CC21A709E800E82390 /* stt_expression_subnode_tests.c */ = {isa = PBXFileReference; fileEncoding = 4; lastKnownFileType = sourcecode.c.c; name = stt_expression_subnode_tests.c; path = src/stt/stt_expression_subnode_tests.c; sourceTree = "<group>"; };
		CF7FB8502195879F0063D890 /* stt_expression_sub_identifier.c */ = {isa = PBXFileReference; fileEncoding = 4; lastKnownFileType = sourcecode.c.c; name = stt_expression_sub_identifier.c; path = src/stt/stt_expression_sub_identifier.c; sourceTree = "<group>"; };
		CF7FB8512195879F0063D890 /* stt_condition_subnode.c */ = {isa = PBXFileReference; fileEncoding = 4; lastKnownFileType = sourcecode.c.c; name = stt_condition_subnode.c; path = src/stt/stt_condition_subnode.c; sourceTree = "<group>"; };
		CF7FB8522195879F0063D890 /* stt_expression_sub_addition.c */ = {isa = PBXFileReference; fileEncoding = 4; lastKnownFileType = sourcecode.c.c; name = stt_expression_sub_addition.c; path = src/stt/stt_expression_sub_addition.c; sourceTree = "<group>"; };
		CF7FB8532195879F0063D890 /* stt_expression.c */ = {isa = PBXFileReference; fileEncoding = 4; lastKnownFileType = sourcecode.c.c; name = stt_expression.c; path = src/stt/stt_expression.c; sourceTree = "<group>"; };
		CF7FB854219587A00063D890 /* stt_where_value_bindings_subnode.c */ = {isa = PBXFileReference; fileEncoding = 4; lastKnownFileType = sourcecode.c.c; name = stt_where_value_bindings_subnode.c; path = src/stt/stt_where_value_bindings_subnode.c; sourceTree = "<group>"; };
		CF7FB855219587A00063D890 /* stt_where_value_binding.c */ = {isa = PBXFileReference; fileEncoding = 4; lastKnownFileType = sourcecode.c.c; name = stt_where_value_binding.c; path = src/stt/stt_where_value_binding.c; sourceTree = "<group>"; };
		CF7FB856219587A00063D890 /* stt_expression_sub_conditional.c */ = {isa = PBXFileReference; fileEncoding = 4; lastKnownFileType = sourcecode.c.c; name = stt_expression_sub_conditional.c; path = src/stt/stt_expression_sub_conditional.c; sourceTree = "<group>"; };
		CF7FB857219587A00063D890 /* stt_where_value_binding_subnode.c */ = {isa = PBXFileReference; fileEncoding = 4; lastKnownFileType = sourcecode.c.c; name = stt_where_value_binding_subnode.c; path = src/stt/stt_where_value_binding_subnode.c; sourceTree = "<group>"; };
		CF7FB858219587A10063D890 /* stt_dice_expression.c */ = {isa = PBXFileReference; fileEncoding = 4; lastKnownFileType = sourcecode.c.c; name = stt_dice_expression.c; path = src/stt/stt_dice_expression.c; sourceTree = "<group>"; };
		CF7FB859219587A10063D890 /* stt_expression_sub_natural_literal.c */ = {isa = PBXFileReference; fileEncoding = 4; lastKnownFileType = sourcecode.c.c; name = stt_expression_sub_natural_literal.c; path = src/stt/stt_expression_sub_natural_literal.c; sourceTree = "<group>"; };
		CF7FB85A219587A10063D890 /* stt_condition.c */ = {isa = PBXFileReference; fileEncoding = 4; lastKnownFileType = sourcecode.c.c; name = stt_condition.c; path = src/stt/stt_condition.c; sourceTree = "<group>"; };
		CF7FB85B219587A10063D890 /* stt_expression_subnode.c */ = {isa = PBXFileReference; fileEncoding = 4; lastKnownFileType = sourcecode.c.c; name = stt_expression_subnode.c; path = src/stt/stt_expression_subnode.c; sourceTree = "<group>"; };
		CF7FB85C219587A10063D890 /* stt_where_value_bindings_simple_list.c */ = {isa = PBXFileReference; fileEncoding = 4; lastKnownFileType = sourcecode.c.c; name = stt_where_value_bindings_simple_list.c; path = src/stt/stt_where_value_bindings_simple_list.c; sourceTree = "<group>"; };
		CF7FB85D219587A20063D890 /* stt_expression_sub_dice.c */ = {isa = PBXFileReference; fileEncoding = 4; lastKnownFileType = sourcecode.c.c; name = stt_expression_sub_dice.c; path = src/stt/stt_expression_sub_dice.c; sourceTree = "<group>"; };
		CF7FB86C219587D20063D890 /* rtg_expression_sub_conditional.c */ = {isa = PBXFileReference; fileEncoding = 4; lastKnownFileType = sourcecode.c.c; name = rtg_expression_sub_conditional.c; path = src/rtg/rtg_expression_sub_conditional.c; sourceTree = "<group>"; };
		CF7FB86D219587D20063D890 /* rtg_condition.c */ = {isa = PBXFileReference; fileEncoding = 4; lastKnownFileType = sourcecode.c.c; name = rtg_condition.c; path = src/rtg/rtg_condition.c; sourceTree = "<group>"; };
		CF7FB86E219587D30063D890 /* rtg_where_value_binding.c */ = {isa = PBXFileReference; fileEncoding = 4; lastKnownFileType = sourcecode.c.c; name = rtg_where_value_binding.c; path = src/rtg/rtg_where_value_binding.c; sourceTree = "<group>"; };
		CF7FB86F219587D30063D890 /* rtg_where_value_bindings_simple_list.c */ = {isa = PBXFileReference; fileEncoding = 4; lastKnownFileType = sourcecode.c.c; name = rtg_where_value_bindings_simple_list.c; path = src/rtg/rtg_where_value_bindings_simple_list.c; sourceTree = "<group>"; };
		CF7FB870219587D30063D890 /* rtg_expression.c */ = {isa = PBXFileReference; fileEncoding = 4; lastKnownFileType = sourcecode.c.c; name = rtg_expression.c; path = src/rtg/rtg_expression.c; sourceTree = "<group>"; };
		CF7FB871219587D30063D890 /* rtg_expression_sub_dice.c */ = {isa = PBXFileReference; fileEncoding = 4; lastKnownFileType = sourcecode.c.c; name = rtg_expression_sub_dice.c; path = src/rtg/rtg_expression_sub_dice.c; sourceTree = "<group>"; };
		CF7FB878219587E60063D890 /* arn_type.c */ = {isa = PBXFileReference; fileEncoding = 4; lastKnownFileType = sourcecode.c.c; name = arn_type.c; path = src/arn/arn_type.c; sourceTree = "<group>"; };
		CF7FB87A2195A8530063D890 /* arn_type_tests.c */ = {isa = PBXFileReference; fileEncoding = 4; lastKnownFileType = sourcecode.c.c; name = arn_type_tests.c; path = src/arn/arn_type_tests.c; sourceTree = "<group>"; };
		CF8AEB2E219CAF1E00103D5F /* rtg_condition_tests.c */ = {isa = PBXFileReference; fileEncoding = 4; lastKnownFileType = sourcecode.c.c; name = rtg_condition_tests.c; path = src/rtg/rtg_condition_tests.c; sourceTree = "<group>"; };
		CF8AEB2F219CAF1E00103D5F /* rtg_expression_sub_natural_literal.c */ = {isa = PBXFileReference; fileEncoding = 4; lastKnownFileType = sourcecode.c.c; name = rtg_expression_sub_natural_literal.c; path = src/rtg/rtg_expression_sub_natural_literal.c; sourceTree = "<group>"; };
		CF8AEB30219CAF1F00103D5F /* rtg_expression_sub_string_literal.c */ = {isa = PBXFileReference; fileEncoding = 4; lastKnownFileType = sourcecode.c.c; name = rtg_expression_sub_string_literal.c; path = src/rtg/rtg_expression_sub_string_literal.c; sourceTree = "<group>"; };
		CF8AEB34219CAF3A00103D5F /* stt_condition_tests.c */ = {isa = PBXFileReference; fileEncoding = 4; lastKnownFileType = sourcecode.c.c; name = stt_condition_tests.c; path = src/stt/stt_condition_tests.c; sourceTree = "<group>"; };
		CF8AEB35219CAF3A00103D5F /* stt_expression_sub_string_literal.c */ = {isa = PBXFileReference; fileEncoding = 4; lastKnownFileType = sourcecode.c.c; name = stt_expression_sub_string_literal.c; path = src/stt/stt_expression_sub_string_literal.c; sourceTree = "<group>"; };
		CF8AEB36219CAF3A00103D5F /* stt_expression_sub_conditional_tests.c */ = {isa = PBXFileReference; fileEncoding = 4; lastKnownFileType = sourcecode.c.c; name = stt_expression_sub_conditional_tests.c; path = src/stt/stt_expression_sub_conditional_tests.c; sourceTree = "<group>"; };
		CF9517D52157D30D004D3F16 /* tests_runner.c */ = {isa = PBXFileReference; fileEncoding = 4; lastKnownFileType = sourcecode.c.c; name = tests_runner.c; path = src/tst/tests_runner.c; sourceTree = "<group>"; };
		CF9517D72157D317004D3F16 /* dirent_wrapper.c */ = {isa = PBXFileReference; fileEncoding = 4; lastKnownFileType = sourcecode.c.c; name = dirent_wrapper.c; path = src/wrp/dirent_wrapper.c; sourceTree = "<group>"; };
		CF9517D92157D337004D3F16 /* stt_execution_request_subnode.c */ = {isa = PBXFileReference; fileEncoding = 4; lastKnownFileType = sourcecode.c.c; name = stt_execution_request_subnode.c; path = src/stt/stt_execution_request_subnode.c; sourceTree = "<group>"; };
		CF9517DA2157D338004D3F16 /* stt_operations_simple_list.c */ = {isa = PBXFileReference; fileEncoding = 4; lastKnownFileType = sourcecode.c.c; name = stt_operations_simple_list.c; path = src/stt/stt_operations_simple_list.c; sourceTree = "<group>"; };
		CF9517DB2157D338004D3F16 /* stt_string_literal_subnode.c */ = {isa = PBXFileReference; fileEncoding = 4; lastKnownFileType = sourcecode.c.c; name = stt_string_literal_subnode.c; path = src/stt/stt_string_literal_subnode.c; sourceTree = "<group>"; };
		CF9517DC2157D338004D3F16 /* stt_node.c */ = {isa = PBXFileReference; fileEncoding = 4; lastKnownFileType = sourcecode.c.c; name = stt_node.c; path = src/stt/stt_node.c; sourceTree = "<group>"; };
		CF9517DD2157D338004D3F16 /* stt_tests.c */ = {isa = PBXFileReference; fileEncoding = 4; lastKnownFileType = sourcecode.c.c; name = stt_tests.c; path = src/stt/stt_tests.c; sourceTree = "<group>"; };
		CF9517DE2157D338004D3F16 /* stt_execution_requests_simple_list.c */ = {isa = PBXFileReference; fileEncoding = 4; lastKnownFileType = sourcecode.c.c; name = stt_execution_requests_simple_list.c; path = src/stt/stt_execution_requests_simple_list.c; sourceTree = "<group>"; };
		CF9517DF2157D338004D3F16 /* stt_operation_arg.c */ = {isa = PBXFileReference; fileEncoding = 4; lastKnownFileType = sourcecode.c.c; name = stt_operation_arg.c; path = src/stt/stt_operation_arg.c; sourceTree = "<group>"; };
		CF9517E02157D338004D3F16 /* stt_application_subnode.c */ = {isa = PBXFileReference; fileEncoding = 4; lastKnownFileType = sourcecode.c.c; name = stt_application_subnode.c; path = src/stt/stt_application_subnode.c; sourceTree = "<group>"; };
		CF9517E12157D338004D3F16 /* stt_doc_subnode.c */ = {isa = PBXFileReference; fileEncoding = 4; lastKnownFileType = sourcecode.c.c; name = stt_doc_subnode.c; path = src/stt/stt_doc_subnode.c; sourceTree = "<group>"; };
		CF9517E42157D338004D3F16 /* stt_execution_request.c */ = {isa = PBXFileReference; fileEncoding = 4; lastKnownFileType = sourcecode.c.c; name = stt_execution_request.c; path = src/stt/stt_execution_request.c; sourceTree = "<group>"; };
		CF9517E62157D339004D3F16 /* stt_operation_subnode.c */ = {isa = PBXFileReference; fileEncoding = 4; lastKnownFileType = sourcecode.c.c; name = stt_operation_subnode.c; path = src/stt/stt_operation_subnode.c; sourceTree = "<group>"; };
		CF9517E72157D339004D3F16 /* stt_operation.c */ = {isa = PBXFileReference; fileEncoding = 4; lastKnownFileType = sourcecode.c.c; name = stt_operation.c; path = src/stt/stt_operation.c; sourceTree = "<group>"; };
		CF9517E92157D339004D3F16 /* stt_application.c */ = {isa = PBXFileReference; fileEncoding = 4; lastKnownFileType = sourcecode.c.c; name = stt_application.c; path = src/stt/stt_application.c; sourceTree = "<group>"; };
		CF9517EC2157D339004D3F16 /* stt_identifier_subnode.c */ = {isa = PBXFileReference; fileEncoding = 4; lastKnownFileType = sourcecode.c.c; name = stt_identifier_subnode.c; path = src/stt/stt_identifier_subnode.c; sourceTree = "<group>"; };
		CF9517ED2157D339004D3F16 /* stt_applications_simple_list.c */ = {isa = PBXFileReference; fileEncoding = 4; lastKnownFileType = sourcecode.c.c; name = stt_applications_simple_list.c; path = src/stt/stt_applications_simple_list.c; sourceTree = "<group>"; };
		CF9517EE2157D33A004D3F16 /* stt_operation_args_simple_list.c */ = {isa = PBXFileReference; fileEncoding = 4; lastKnownFileType = sourcecode.c.c; name = stt_operation_args_simple_list.c; path = src/stt/stt_operation_args_simple_list.c; sourceTree = "<group>"; };
		CF9517EF2157D33A004D3F16 /* stt_operations_list_subnode.c */ = {isa = PBXFileReference; fileEncoding = 4; lastKnownFileType = sourcecode.c.c; name = stt_operations_list_subnode.c; path = src/stt/stt_operations_list_subnode.c; sourceTree = "<group>"; };
		CF9518072157D355004D3F16 /* rtg_operation.c */ = {isa = PBXFileReference; fileEncoding = 4; lastKnownFileType = sourcecode.c.c; name = rtg_operation.c; path = src/rtg/rtg_operation.c; sourceTree = "<group>"; };
		CF9518082157D356004D3F16 /* rtg_execution_request.c */ = {isa = PBXFileReference; fileEncoding = 4; lastKnownFileType = sourcecode.c.c; name = rtg_execution_request.c; path = src/rtg/rtg_execution_request.c; sourceTree = "<group>"; };
		CF9518092157D356004D3F16 /* rtg_operations_simple_list.c */ = {isa = PBXFileReference; fileEncoding = 4; lastKnownFileType = sourcecode.c.c; name = rtg_operations_simple_list.c; path = src/rtg/rtg_operations_simple_list.c; sourceTree = "<group>"; };
		CF95180B2157D356004D3F16 /* rtg_operation_arg.c */ = {isa = PBXFileReference; fileEncoding = 4; lastKnownFileType = sourcecode.c.c; name = rtg_operation_arg.c; path = src/rtg/rtg_operation_arg.c; sourceTree = "<group>"; };
		CF95180C2157D356004D3F16 /* rtg_doc.c */ = {isa = PBXFileReference; fileEncoding = 4; lastKnownFileType = sourcecode.c.c; name = rtg_doc.c; path = src/rtg/rtg_doc.c; sourceTree = "<group>"; };
		CF95180D2157D356004D3F16 /* rtg_execution_requests_simple_list.c */ = {isa = PBXFileReference; fileEncoding = 4; lastKnownFileType = sourcecode.c.c; name = rtg_execution_requests_simple_list.c; path = src/rtg/rtg_execution_requests_simple_list.c; sourceTree = "<group>"; };
		CF95180F2157D356004D3F16 /* rtg_applications_simple_list.c */ = {isa = PBXFileReference; fileEncoding = 4; lastKnownFileType = sourcecode.c.c; name = rtg_applications_simple_list.c; path = src/rtg/rtg_applications_simple_list.c; sourceTree = "<group>"; };
		CF9518112157D357004D3F16 /* rtg_application.c */ = {isa = PBXFileReference; fileEncoding = 4; lastKnownFileType = sourcecode.c.c; name = rtg_application.c; path = src/rtg/rtg_application.c; sourceTree = "<group>"; };
		CF9518122157D357004D3F16 /* rtg_operation_args_simple_list.c */ = {isa = PBXFileReference; fileEncoding = 4; lastKnownFileType = sourcecode.c.c; name = rtg_operation_args_simple_list.c; path = src/rtg/rtg_operation_args_simple_list.c; sourceTree = "<group>"; };
		CF95181F2157D375004D3F16 /* persistence.c */ = {isa = PBXFileReference; fileEncoding = 4; lastKnownFileType = sourcecode.c.c; name = persistence.c; path = src/prs/persistence.c; sourceTree = "<group>"; };
		CF9518202157D375004D3F16 /* persistence_tests.c */ = {isa = PBXFileReference; fileEncoding = 4; lastKnownFileType = sourcecode.c.c; name = persistence_tests.c; path = src/prs/persistence_tests.c; sourceTree = "<group>"; };
		CF9518232157D37C004D3F16 /* main.c */ = {isa = PBXFileReference; fileEncoding = 4; lastKnownFileType = sourcecode.c.c; name = main.c; path = src/main.c; sourceTree = "<group>"; };
		CF9518252157D385004D3F16 /* arg.c */ = {isa = PBXFileReference; fileEncoding = 4; lastKnownFileType = sourcecode.c.c; name = arg.c; path = src/arg.c; sourceTree = "<group>"; };
		CF9518272157D38E004D3F16 /* stdio_ninety_nine_modernizer.c */ = {isa = PBXFileReference; fileEncoding = 4; lastKnownFileType = sourcecode.c.c; name = stdio_ninety_nine_modernizer.c; path = src/ftr/stdio_ninety_nine_modernizer.c; sourceTree = "<group>"; };
		CF95182A2157D39D004D3F16 /* char_array.c */ = {isa = PBXFileReference; fileEncoding = 4; lastKnownFileType = sourcecode.c.c; name = char_array.c; path = src/cmn/char_array.c; sourceTree = "<group>"; };
		CF95182B2157D39D004D3F16 /* char_arrays_simple_list.c */ = {isa = PBXFileReference; fileEncoding = 4; lastKnownFileType = sourcecode.c.c; name = char_arrays_simple_list.c; path = src/cmn/char_arrays_simple_list.c; sourceTree = "<group>"; };
		CF95182C2157D39D004D3F16 /* common_tests.c */ = {isa = PBXFileReference; fileEncoding = 4; lastKnownFileType = sourcecode.c.c; name = common_tests.c; path = src/cmn/common_tests.c; sourceTree = "<group>"; };
		CF95182D2157D39D004D3F16 /* amara_string.c */ = {isa = PBXFileReference; fileEncoding = 4; lastKnownFileType = sourcecode.c.c; name = amara_string.c; path = src/cmn/amara_string.c; sourceTree = "<group>"; };
		CF9518332157D3AD004D3F16 /* lex.minia.c */ = {isa = PBXFileReference; fileEncoding = 4; lastKnownFileType = sourcecode.c.c; name = lex.minia.c; path = src/bsn/lex.minia.c; sourceTree = "<group>"; };
		CF9518342157D3AD004D3F16 /* minia.tab.c */ = {isa = PBXFileReference; fileEncoding = 4; lastKnownFileType = sourcecode.c.c; name = minia.tab.c; path = src/bsn/minia.tab.c; sourceTree = "<group>"; };
		CF9518372157D3B8004D3F16 /* natural.c */ = {isa = PBXFileReference; fileEncoding = 4; lastKnownFileType = sourcecode.c.c; name = natural.c; path = src/brt/natural.c; sourceTree = "<group>"; };
		CF9518382157D3B8004D3F16 /* basic_arithmetic_tests.c */ = {isa = PBXFileReference; fileEncoding = 4; lastKnownFileType = sourcecode.c.c; name = basic_arithmetic_tests.c; path = src/brt/basic_arithmetic_tests.c; sourceTree = "<group>"; };
		CF9518392157D3B8004D3F16 /* rational.c */ = {isa = PBXFileReference; fileEncoding = 4; lastKnownFileType = sourcecode.c.c; name = rational.c; path = src/brt/rational.c; sourceTree = "<group>"; };
		CF95183A2157D3B8004D3F16 /* integer.c */ = {isa = PBXFileReference; fileEncoding = 4; lastKnownFileType = sourcecode.c.c; name = integer.c; path = src/brt/integer.c; sourceTree = "<group>"; };
		CF95183F2157D3C1004D3F16 /* assertion.c */ = {isa = PBXFileReference; fileEncoding = 4; lastKnownFileType = sourcecode.c.c; name = assertion.c; path = src/asr/assertion.c; sourceTree = "<group>"; };
		CF9518412157D3CC004D3F16 /* app_runner.c */ = {isa = PBXFileReference; fileEncoding = 4; lastKnownFileType = sourcecode.c.c; name = app_runner.c; path = src/arn/app_runner.c; sourceTree = "<group>"; };
		CFA37D7921979B8F00055191 /* rtg_expression_tests.c */ = {isa = PBXFileReference; fileEncoding = 4; lastKnownFileType = sourcecode.c.c; name = rtg_expression_tests.c; path = src/rtg/rtg_expression_tests.c; sourceTree = "<group>"; };
		CFA37D7B21979BB400055191 /* stt_expression_tests.c */ = {isa = PBXFileReference; fileEncoding = 4; lastKnownFileType = sourcecode.c.c; name = stt_expression_tests.c; path = src/stt/stt_expression_tests.c; sourceTree = "<group>"; };
		CFA5DC252188E84A00D16B4B /* arn_variable.c */ = {isa = PBXFileReference; fileEncoding = 4; lastKnownFileType = sourcecode.c.c; name = arn_variable.c; path = src/arn/arn_variable.c; sourceTree = "<group>"; };
		CFA5DC262188E84A00D16B4B /* arn_values_fixed_list_tests.c */ = {isa = PBXFileReference; fileEncoding = 4; lastKnownFileType = sourcecode.c.c; name = arn_values_fixed_list_tests.c; path = src/arn/arn_values_fixed_list_tests.c; sourceTree = "<group>"; };
		CFA5DC272188E84A00D16B4B /* arn_variables_simple_list.c */ = {isa = PBXFileReference; fileEncoding = 4; lastKnownFileType = sourcecode.c.c; name = arn_variables_simple_list.c; path = src/arn/arn_variables_simple_list.c; sourceTree = "<group>"; };
		CFA5DC282188E84A00D16B4B /* arn_tests.c */ = {isa = PBXFileReference; fileEncoding = 4; lastKnownFileType = sourcecode.c.c; name = arn_tests.c; path = src/arn/arn_tests.c; sourceTree = "<group>"; };
		CFA5DC292188E84B00D16B4B /* arn_value_tests.c */ = {isa = PBXFileReference; fileEncoding = 4; lastKnownFileType = sourcecode.c.c; name = arn_value_tests.c; path = src/arn/arn_value_tests.c; sourceTree = "<group>"; };
		CFA5DC2A2188E84B00D16B4B /* arn_variable_tests.c */ = {isa = PBXFileReference; fileEncoding = 4; lastKnownFileType = sourcecode.c.c; name = arn_variable_tests.c; path = src/arn/arn_variable_tests.c; sourceTree = "<group>"; };
		CFA5DC2B2188E84B00D16B4B /* arn_variables_simple_list_tests.c */ = {isa = PBXFileReference; fileEncoding = 4; lastKnownFileType = sourcecode.c.c; name = arn_variables_simple_list_tests.c; path = src/arn/arn_variables_simple_list_tests.c; sourceTree = "<group>"; };
		CFA5DC2C2188E84B00D16B4B /* arn_values_simple_list_tests.c */ = {isa = PBXFileReference; fileEncoding = 4; lastKnownFileType = sourcecode.c.c; name = arn_values_simple_list_tests.c; path = src/arn/arn_values_simple_list_tests.c; sourceTree = "<group>"; };
		CFA5DC352188E86900D16B4B /* rtg_execution_requests_simple_list_tests.c */ = {isa = PBXFileReference; fileEncoding = 4; lastKnownFileType = sourcecode.c.c; name = rtg_execution_requests_simple_list_tests.c; path = src/rtg/rtg_execution_requests_simple_list_tests.c; sourceTree = "<group>"; };
		CFA5DC372188E88100D16B4B /* rational_tests.c */ = {isa = PBXFileReference; fileEncoding = 4; lastKnownFileType = sourcecode.c.c; name = rational_tests.c; path = src/brt/rational_tests.c; sourceTree = "<group>"; };
		CFA5DC382188E88100D16B4B /* integer_tests.c */ = {isa = PBXFileReference; fileEncoding = 4; lastKnownFileType = sourcecode.c.c; name = integer_tests.c; path = src/brt/integer_tests.c; sourceTree = "<group>"; };
		CFA5DC3B2188E88C00D16B4B /* char_arrays_simple_list_tests.c */ = {isa = PBXFileReference; fileEncoding = 4; lastKnownFileType = sourcecode.c.c; name = char_arrays_simple_list_tests.c; path = src/cmn/char_arrays_simple_list_tests.c; sourceTree = "<group>"; };
		CFA5DC3C2188E88C00D16B4B /* char_array_tests.c */ = {isa = PBXFileReference; fileEncoding = 4; lastKnownFileType = sourcecode.c.c; name = char_array_tests.c; path = src/cmn/char_array_tests.c; sourceTree = "<group>"; };
		CFAE7CDB229BEDD600C6ED35 /* stt_expression_sub_function_call.c */ = {isa = PBXFileReference; fileEncoding = 4; lastKnownFileType = sourcecode.c.c; name = stt_expression_sub_function_call.c; path = src/stt/stt_expression_sub_function_call.c; sourceTree = "<group>"; };
		CFAE7CDC229BEDD600C6ED35 /* stt_node_sub_call_options.c */ = {isa = PBXFileReference; fileEncoding = 4; lastKnownFileType = sourcecode.c.c; name = stt_node_sub_call_options.c; path = src/stt/stt_node_sub_call_options.c; sourceTree = "<group>"; };
		CFAE7CDD229BEDD700C6ED35 /* stt_expressions_simple_list.c */ = {isa = PBXFileReference; fileEncoding = 4; lastKnownFileType = sourcecode.c.c; name = stt_expressions_simple_list.c; path = src/stt/stt_expressions_simple_list.c; sourceTree = "<group>"; };
		CFAE7CDE229BEDD700C6ED35 /* stt_node_sub_expressions_list.c */ = {isa = PBXFileReference; fileEncoding = 4; lastKnownFileType = sourcecode.c.c; name = stt_node_sub_expressions_list.c; path = src/stt/stt_node_sub_expressions_list.c; sourceTree = "<group>"; };
		CFAFC9C0217CBA84000842FC /* stt_named_function.c */ = {isa = PBXFileReference; fileEncoding = 4; lastKnownFileType = sourcecode.c.c; name = stt_named_function.c; path = src/stt/stt_named_function.c; sourceTree = "<group>"; };
		CFAFC9C1217CBA84000842FC /* stt_named_functions_simple_list.c */ = {isa = PBXFileReference; fileEncoding = 4; lastKnownFileType = sourcecode.c.c; name = stt_named_functions_simple_list.c; path = src/stt/stt_named_functions_simple_list.c; sourceTree = "<group>"; };
		CFAFC9C2217CBA85000842FC /* stt_named_function_tests.c */ = {isa = PBXFileReference; fileEncoding = 4; lastKnownFileType = sourcecode.c.c; name = stt_named_function_tests.c; path = src/stt/stt_named_function_tests.c; sourceTree = "<group>"; };
		CFAFC9C3217CBA85000842FC /* stt_named_function_subnode_tests.c */ = {isa = PBXFileReference; fileEncoding = 4; lastKnownFileType = sourcecode.c.c; name = stt_named_function_subnode_tests.c; path = src/stt/stt_named_function_subnode_tests.c; sourceTree = "<group>"; };
		CFAFC9C4217CBA85000842FC /* stt_named_functions_simple_list_tests.c */ = {isa = PBXFileReference; fileEncoding = 4; lastKnownFileType = sourcecode.c.c; name = stt_named_functions_simple_list_tests.c; path = src/stt/stt_named_functions_simple_list_tests.c; sourceTree = "<group>"; };
		CFAFC9C5217CBA85000842FC /* stt_named_function_subnode.c */ = {isa = PBXFileReference; fileEncoding = 4; lastKnownFileType = sourcecode.c.c; name = stt_named_function_subnode.c; path = src/stt/stt_named_function_subnode.c; sourceTree = "<group>"; };
		CFAFC9CC217CBA9F000842FC /* arn_values_fixed_list.c */ = {isa = PBXFileReference; fileEncoding = 4; lastKnownFileType = sourcecode.c.c; name = arn_values_fixed_list.c; path = src/arn/arn_values_fixed_list.c; sourceTree = "<group>"; };
		CFAFC9CE217CBACA000842FC /* rtg_named_function.c */ = {isa = PBXFileReference; fileEncoding = 4; lastKnownFileType = sourcecode.c.c; name = rtg_named_function.c; path = src/rtg/rtg_named_function.c; sourceTree = "<group>"; };
		CFAFC9CF217CBACA000842FC /* rtg_named_functions_simple_list.c */ = {isa = PBXFileReference; fileEncoding = 4; lastKnownFileType = sourcecode.c.c; name = rtg_named_functions_simple_list.c; path = src/rtg/rtg_named_functions_simple_list.c; sourceTree = "<group>"; };
		CFAFC9D2217CBAE0000842FC /* rtg_named_functions_simple_list_tests.c */ = {isa = PBXFileReference; fileEncoding = 4; lastKnownFileType = sourcecode.c.c; name = rtg_named_functions_simple_list_tests.c; path = src/rtg/rtg_named_functions_simple_list_tests.c; sourceTree = "<group>"; };
		CFAFC9D3217CBAE0000842FC /* rtg_named_function_tests.c */ = {isa = PBXFileReference; fileEncoding = 4; lastKnownFileType = sourcecode.c.c; name = rtg_named_function_tests.c; path = src/rtg/rtg_named_function_tests.c; sourceTree = "<group>"; };
		CFBD79F6222FE755005A6867 /* rtg_expression_sub_dice_tests.c */ = {isa = PBXFileReference; fileEncoding = 4; lastKnownFileType = sourcecode.c.c; name = rtg_expression_sub_dice_tests.c; path = src/rtg/rtg_expression_sub_dice_tests.c; sourceTree = "<group>"; };
		CFBD79F7222FE755005A6867 /* rtg_expression_sub_identifier_tests.c */ = {isa = PBXFileReference; fileEncoding = 4; lastKnownFileType = sourcecode.c.c; name = rtg_expression_sub_identifier_tests.c; path = src/rtg/rtg_expression_sub_identifier_tests.c; sourceTree = "<group>"; };
		CFC55B4122E3AA84003A47E0 /* rtg_named_functions_fixed_list.c */ = {isa = PBXFileReference; fileEncoding = 4; lastKnownFileType = sourcecode.c.c; name = rtg_named_functions_fixed_list.c; path = src/rtg/rtg_named_functions_fixed_list.c; sourceTree = "<group>"; };
		CFD55538227AFE0A00A44D9B /* app_runner_tests.c */ = {isa = PBXFileReference; fileEncoding = 4; lastKnownFileType = sourcecode.c.c; name = app_runner_tests.c; path = src/arn/app_runner_tests.c; sourceTree = "<group>"; };
		CFFEB32C2157CD2F00527450 /* foo */ = {isa = PBXFileReference; explicitFileType = "compiled.mach-o.executable"; includeInIndex = 0; path = foo; sourceTree = BUILT_PRODUCTS_DIR; };
		CFFFACBB21DFC93000B45764 /* rtg_where_value_bindings_simple_list_tests.c */ = {isa = PBXFileReference; fileEncoding = 4; lastKnownFileType = sourcecode.c.c; name = rtg_where_value_bindings_simple_list_tests.c; path = src/rtg/rtg_where_value_bindings_simple_list_tests.c; sourceTree = "<group>"; };
		CFFFACBD21DFC94900B45764 /* rtg_where_value_binding_tests.c */ = {isa = PBXFileReference; fileEncoding = 4; lastKnownFileType = sourcecode.c.c; name = rtg_where_value_binding_tests.c; path = src/rtg/rtg_where_value_binding_tests.c; sourceTree = "<group>"; };
/* End PBXFileReference section */

/* Begin PBXFrameworksBuildPhase section */
		CFFEB3292157CD2F00527450 /* Frameworks */ = {
			isa = PBXFrameworksBuildPhase;
			buildActionMask = 2147483647;
			files = (
			);
			runOnlyForDeploymentPostprocessing = 0;
		};
/* End PBXFrameworksBuildPhase section */

/* Begin PBXGroup section */
		CF10B9B8222698F10030F34E /* src */ = {
			isa = PBXGroup;
			children = (
				CF10B9C422269BAA0030F34E /* ftr */,
				CF9518252157D385004D3F16 /* arg.c */,
				CF9518232157D37C004D3F16 /* main.c */,
				CF10B9C322269A8D0030F34E /* tst */,
				CF10B9C222269A860030F34E /* wrp */,
				CF10B9C122269A800030F34E /* prs */,
				CF10B9C022269A400030F34E /* bsn */,
				CF10B9BF22269A2F0030F34E /* cmn */,
				CF10B9BD222699860030F34E /* asr */,
				CF10B9BC2226997D0030F34E /* brt */,
				CF10B9BB222699380030F34E /* arn */,
				CF10B9BA222699120030F34E /* stt */,
				CF10B9B9222698F50030F34E /* rtg */,
			);
			name = src;
			sourceTree = "<group>";
		};
		CF10B9B9222698F50030F34E /* rtg */ = {
			isa = PBXGroup;
			children = (
				CFC55B4122E3AA84003A47E0 /* rtg_named_functions_fixed_list.c */,
				CF2A2D7422B98362007061C2 /* rtg_expressions_simple_list.c */,
				CF1BF8CB22A66B3100D2081A /* rtg_expression_sub_function_call.c */,
				CF2BC4D42232DD4A003AFD9C /* rtg_expression_sub_conditional_tests.c */,
				CFBD79F6222FE755005A6867 /* rtg_expression_sub_dice_tests.c */,
				CFBD79F7222FE755005A6867 /* rtg_expression_sub_identifier_tests.c */,
				CF9518112157D357004D3F16 /* rtg_application.c */,
				CF95180F2157D356004D3F16 /* rtg_applications_simple_list.c */,
				CF95180C2157D356004D3F16 /* rtg_doc.c */,
				CF9518082157D356004D3F16 /* rtg_execution_request.c */,
				CF95180D2157D356004D3F16 /* rtg_execution_requests_simple_list.c */,
				CF95180B2157D356004D3F16 /* rtg_operation_arg.c */,
				CF9518122157D357004D3F16 /* rtg_operation_args_simple_list.c */,
				CF9518072157D355004D3F16 /* rtg_operation.c */,
				CF9518092157D356004D3F16 /* rtg_operations_simple_list.c */,
				CF376D5F21653F95000736E5 /* rtg_execution_request_tests.c */,
				CF376D5C21653F95000736E5 /* rtg_operation_arg_tests.c */,
				CF376D6221653F96000736E5 /* rtg_operation_args_simple_list_tests.c */,
				CF376D6321653F96000736E5 /* rtg_operation_tests.c */,
				CF376D5E21653F95000736E5 /* rtg_operations_simple_list_tests.c */,
				CF376D6421653F96000736E5 /* rtg_tests.c */,
				CFA5DC352188E86900D16B4B /* rtg_execution_requests_simple_list_tests.c */,
				CFAFC9D3217CBAE0000842FC /* rtg_named_function_tests.c */,
				CFAFC9D2217CBAE0000842FC /* rtg_named_functions_simple_list_tests.c */,
				CFAFC9CE217CBACA000842FC /* rtg_named_function.c */,
				CFAFC9CF217CBACA000842FC /* rtg_named_functions_simple_list.c */,
				CF376D6021653F96000736E5 /* rtg_application_tests.c */,
				CF376D6121653F96000736E5 /* rtg_applications_simple_list_tests.c */,
				CF376D5A21653F94000736E5 /* rtg_doc_tests.c */,
				CF5D03CF21A015920011D02A /* rtg_expression_sub_identifier.c */,
				CF8AEB2E219CAF1E00103D5F /* rtg_condition_tests.c */,
				CF8AEB2F219CAF1E00103D5F /* rtg_expression_sub_natural_literal.c */,
				CF8AEB30219CAF1F00103D5F /* rtg_expression_sub_string_literal.c */,
				CFA37D7921979B8F00055191 /* rtg_expression_tests.c */,
				CF7FB86D219587D20063D890 /* rtg_condition.c */,
				CF7FB86C219587D20063D890 /* rtg_expression_sub_conditional.c */,
				CF7FB871219587D30063D890 /* rtg_expression_sub_dice.c */,
				CF7FB870219587D30063D890 /* rtg_expression.c */,
				CF7FB86E219587D30063D890 /* rtg_where_value_binding.c */,
				CF7FB86F219587D30063D890 /* rtg_where_value_bindings_simple_list.c */,
				CFFFACBD21DFC94900B45764 /* rtg_where_value_binding_tests.c */,
				CFFFACBB21DFC93000B45764 /* rtg_where_value_bindings_simple_list_tests.c */,
			);
			name = rtg;
			sourceTree = "<group>";
		};
		CF10B9BA222699120030F34E /* stt */ = {
			isa = PBXGroup;
			children = (
				CFAE7CDB229BEDD600C6ED35 /* stt_expression_sub_function_call.c */,
				CFAE7CDD229BEDD700C6ED35 /* stt_expressions_simple_list.c */,
				CFAE7CDC229BEDD600C6ED35 /* stt_node_sub_call_options.c */,
				CFAE7CDE229BEDD700C6ED35 /* stt_node_sub_expressions_list.c */,
				CF2BC4D62234712E003AFD9C /* stt_operation_arg_tests.c */,
				CF9517DB2157D338004D3F16 /* stt_string_literal_subnode.c */,
				CF9517DD2157D338004D3F16 /* stt_tests.c */,
				CF9517E02157D338004D3F16 /* stt_application_subnode.c */,
				CF9517E92157D339004D3F16 /* stt_application.c */,
				CF9517ED2157D339004D3F16 /* stt_applications_simple_list.c */,
				CF9517E12157D338004D3F16 /* stt_doc_subnode.c */,
				CF9517D92157D337004D3F16 /* stt_execution_request_subnode.c */,
				CF9517E42157D338004D3F16 /* stt_execution_request.c */,
				CF9517DE2157D338004D3F16 /* stt_execution_requests_simple_list.c */,
				CF9517EC2157D339004D3F16 /* stt_identifier_subnode.c */,
				CF9517DC2157D338004D3F16 /* stt_node.c */,
				CF9517DF2157D338004D3F16 /* stt_operation_arg.c */,
				CF9517EE2157D33A004D3F16 /* stt_operation_args_simple_list.c */,
				CF9517E62157D339004D3F16 /* stt_operation_subnode.c */,
				CF9517E72157D339004D3F16 /* stt_operation.c */,
				CF9517EF2157D33A004D3F16 /* stt_operations_list_subnode.c */,
				CF9517DA2157D338004D3F16 /* stt_operations_simple_list.c */,
				CF376D3D21653F7A000736E5 /* stt_application_subnode_tests.c */,
				CF376D3821653F79000736E5 /* stt_application_tests.c */,
				CF376D3321653F78000736E5 /* stt_applications_simple_list_tests.c */,
				CF376D3421653F79000736E5 /* stt_doc_subnode_tests.c */,
				CF376D2F21653F78000736E5 /* stt_execution_request_subnode_tests.c */,
				CF376D3721653F79000736E5 /* stt_execution_request_tests.c */,
				CF376D3021653F78000736E5 /* stt_execution_requests_simple_list_tests.c */,
				CF376D3A21653F7A000736E5 /* stt_identifier_subnode_tests.c */,
				CF376D4221653F7B000736E5 /* stt_integer_literal_subnode_tests.c */,
				CF376D3121653F78000736E5 /* stt_integer_literal_subnode.c */,
				CF376D3221653F78000736E5 /* stt_node_tests.c */,
				CF376D3521653F79000736E5 /* stt_operation_args_simple_list_tests.c */,
				CF376D3F21653F7A000736E5 /* stt_operation_subnode_tests.c */,
				CF376D3E21653F7A000736E5 /* stt_operation_tests.c */,
				CF376D4021653F7B000736E5 /* stt_operations_list_subnode_tests.c */,
				CF376D3C21653F7A000736E5 /* stt_operations_simple_list_tests.c */,
				CF376D4321653F7B000736E5 /* stt_string_literal_subnode_tests.c */,
				CFAFC9C3217CBA85000842FC /* stt_named_function_subnode_tests.c */,
				CFAFC9C5217CBA85000842FC /* stt_named_function_subnode.c */,
				CFAFC9C2217CBA85000842FC /* stt_named_function_tests.c */,
				CFAFC9C0217CBA84000842FC /* stt_named_function.c */,
				CFAFC9C4217CBA85000842FC /* stt_named_functions_simple_list_tests.c */,
				CFAFC9C1217CBA84000842FC /* stt_named_functions_simple_list.c */,
				CF5D0E0A2167E1FB00C73CA2 /* stt_natural_literal_subnode_tests.c */,
				CF5D0E0B2167E1FB00C73CA2 /* stt_natural_literal_subnode.c */,
				CF5D0E0C2167E1FB00C73CA2 /* stt_rational_literal_subnode_tests.c */,
				CF5D0E092167E1FB00C73CA2 /* stt_rational_literal_subnode.c */,
				CF7FB8512195879F0063D890 /* stt_condition_subnode.c */,
				CF7FB85A219587A10063D890 /* stt_condition.c */,
				CF7FB858219587A10063D890 /* stt_dice_expression.c */,
				CF7FB8522195879F0063D890 /* stt_expression_sub_addition.c */,
				CF7FB856219587A00063D890 /* stt_expression_sub_conditional.c */,
				CF7FB85D219587A20063D890 /* stt_expression_sub_dice.c */,
				CF7FB8502195879F0063D890 /* stt_expression_sub_identifier.c */,
				CF7FB859219587A10063D890 /* stt_expression_sub_natural_literal.c */,
				CF7FB85B219587A10063D890 /* stt_expression_subnode.c */,
				CF7FB8532195879F0063D890 /* stt_expression.c */,
				CF7FB857219587A00063D890 /* stt_where_value_binding_subnode.c */,
				CF7FB855219587A00063D890 /* stt_where_value_binding.c */,
				CF7FB85C219587A10063D890 /* stt_where_value_bindings_simple_list.c */,
				CF7FB854219587A00063D890 /* stt_where_value_bindings_subnode.c */,
				CF7B83CB21A709E800E82390 /* stt_dice_expression_tests.c */,
				CF7B83C921A709E700E82390 /* stt_expression_sub_identifier_tests.c */,
				CF7B83CC21A709E800E82390 /* stt_expression_subnode_tests.c */,
				CF7B83CA21A709E700E82390 /* stt_where_value_bindings_simple_list_tests.c */,
				CF00823E21A5F4A100456CD6 /* stt_where_value_bindings_subnode_tests.c */,
				CF00823C21A5E1F700456CD6 /* stt_where_value_binding_subnode_tests.c */,
				CF00823A21A579DA00456CD6 /* stt_where_value_binding_tests.c */,
				CF5D03D321A0BD280011D02A /* stt_condition_subnode_tests.c */,
				CF5D03D121A0B84F0011D02A /* stt_expression_sub_dice_tests.c */,
				CF8AEB34219CAF3A00103D5F /* stt_condition_tests.c */,
				CF8AEB36219CAF3A00103D5F /* stt_expression_sub_conditional_tests.c */,
				CF8AEB35219CAF3A00103D5F /* stt_expression_sub_string_literal.c */,
				CFA37D7B21979BB400055191 /* stt_expression_tests.c */,
			);
			name = stt;
			sourceTree = "<group>";
		};
		CF10B9BB222699380030F34E /* arn */ = {
			isa = PBXGroup;
			children = (
				CFD55538227AFE0A00A44D9B /* app_runner_tests.c */,
				CF9518412157D3CC004D3F16 /* app_runner.c */,
				CFAFC9CC217CBA9F000842FC /* arn_values_fixed_list.c */,
				CF66A05A217A55B7004D0B09 /* arn_value.c */,
				CF66A058217A558F004D0B09 /* arn_values_simple_list.c */,
				CF7FB87A2195A8530063D890 /* arn_type_tests.c */,
				CFA5DC282188E84A00D16B4B /* arn_tests.c */,
				CFA5DC292188E84B00D16B4B /* arn_value_tests.c */,
				CFA5DC262188E84A00D16B4B /* arn_values_fixed_list_tests.c */,
				CFA5DC2C2188E84B00D16B4B /* arn_values_simple_list_tests.c */,
				CFA5DC2A2188E84B00D16B4B /* arn_variable_tests.c */,
				CFA5DC252188E84A00D16B4B /* arn_variable.c */,
				CFA5DC2B2188E84B00D16B4B /* arn_variables_simple_list_tests.c */,
				CFA5DC272188E84A00D16B4B /* arn_variables_simple_list.c */,
				CF7FB878219587E60063D890 /* arn_type.c */,
			);
			name = arn;
			sourceTree = "<group>";
		};
		CF10B9BC2226997D0030F34E /* brt */ = {
			isa = PBXGroup;
			children = (
				CF9518382157D3B8004D3F16 /* basic_arithmetic_tests.c */,
				CF95183A2157D3B8004D3F16 /* integer.c */,
				CF9518372157D3B8004D3F16 /* natural.c */,
				CF9518392157D3B8004D3F16 /* rational.c */,
				CFA5DC382188E88100D16B4B /* integer_tests.c */,
				CFA5DC372188E88100D16B4B /* rational_tests.c */,
				CF376D7221654022000736E5 /* natural_tests.c */,
			);
			name = brt;
			sourceTree = "<group>";
		};
		CF10B9BD222699860030F34E /* asr */ = {
			isa = PBXGroup;
			children = (
				CF95183F2157D3C1004D3F16 /* assertion.c */,
			);
			name = asr;
			sourceTree = "<group>";
		};
		CF10B9BF22269A2F0030F34E /* cmn */ = {
			isa = PBXGroup;
			children = (
				CF7AA87922539669004CBEA1 /* amara_strings_simple_list_tests.c */,
				CF95182C2157D39D004D3F16 /* common_tests.c */,
				CF95182A2157D39D004D3F16 /* char_array.c */,
				CF95182B2157D39D004D3F16 /* char_arrays_simple_list.c */,
				CFA5DC3C2188E88C00D16B4B /* char_array_tests.c */,
				CFA5DC3B2188E88C00D16B4B /* char_arrays_simple_list_tests.c */,
				CF376D7021654016000736E5 /* amara_string_tests.c */,
				CF95182D2157D39D004D3F16 /* amara_string.c */,
				CF1E1A4D224E9AEE004CDDEE /* amara_strings_simple_list.c */,
			);
			name = cmn;
			sourceTree = "<group>";
		};
		CF10B9C022269A400030F34E /* bsn */ = {
			isa = PBXGroup;
			children = (
				CF0CF2882263273B00D8CE3E /* bison_tests.c */,
				CF0CF2892263273B00D8CE3E /* flex_tests.c */,
				CF9518332157D3AD004D3F16 /* lex.minia.c */,
				CF9518342157D3AD004D3F16 /* minia.tab.c */,
			);
			name = bsn;
			sourceTree = "<group>";
		};
		CF10B9C122269A800030F34E /* prs */ = {
			isa = PBXGroup;
			children = (
				CF9518202157D375004D3F16 /* persistence_tests.c */,
				CF95181F2157D375004D3F16 /* persistence.c */,
			);
			name = prs;
			sourceTree = "<group>";
		};
		CF10B9C222269A860030F34E /* wrp */ = {
			isa = PBXGroup;
			children = (
				CF9517D72157D317004D3F16 /* dirent_wrapper.c */,
			);
			name = wrp;
			sourceTree = "<group>";
		};
		CF10B9C322269A8D0030F34E /* tst */ = {
			isa = PBXGroup;
			children = (
				CF9517D52157D30D004D3F16 /* tests_runner.c */,
			);
			name = tst;
			sourceTree = "<group>";
		};
		CF10B9C422269BAA0030F34E /* ftr */ = {
			isa = PBXGroup;
			children = (
				CF9518272157D38E004D3F16 /* stdio_ninety_nine_modernizer.c */,
			);
			name = ftr;
			sourceTree = "<group>";
		};
		CFFEB3232157CD2F00527450 = {
			isa = PBXGroup;
			children = (
				CF10B9B8222698F10030F34E /* src */,
				CFFEB32D2157CD2F00527450 /* Products */,
			);
			sourceTree = "<group>";
		};
		CFFEB32D2157CD2F00527450 /* Products */ = {
			isa = PBXGroup;
			children = (
				CFFEB32C2157CD2F00527450 /* foo */,
			);
			name = Products;
			sourceTree = "<group>";
		};
/* End PBXGroup section */

/* Begin PBXNativeTarget section */
		CFFEB32B2157CD2F00527450 /* foo */ = {
			isa = PBXNativeTarget;
			buildConfigurationList = CFFEB3332157CD2F00527450 /* Build configuration list for PBXNativeTarget "foo" */;
			buildPhases = (
				CFFEB3282157CD2F00527450 /* Sources */,
				CFFEB3292157CD2F00527450 /* Frameworks */,
				CFFEB32A2157CD2F00527450 /* CopyFiles */,
			);
			buildRules = (
			);
			dependencies = (
			);
			name = foo;
			productName = foo;
			productReference = CFFEB32C2157CD2F00527450 /* foo */;
			productType = "com.apple.product-type.tool";
		};
/* End PBXNativeTarget section */

/* Begin PBXProject section */
		CFFEB3242157CD2F00527450 /* Project object */ = {
			isa = PBXProject;
			attributes = {
				LastUpgradeCheck = 1020;
				ORGANIZATIONNAME = gs;
				TargetAttributes = {
					CFFEB32B2157CD2F00527450 = {
						CreatedOnToolsVersion = 9.0;
						ProvisioningStyle = Automatic;
					};
				};
			};
			buildConfigurationList = CFFEB3272157CD2F00527450 /* Build configuration list for PBXProject "amara" */;
			compatibilityVersion = "Xcode 8.0";
			developmentRegion = en;
			hasScannedForEncodings = 0;
			knownRegions = (
				en,
				Base,
			);
			mainGroup = CFFEB3232157CD2F00527450;
			productRefGroup = CFFEB32D2157CD2F00527450 /* Products */;
			projectDirPath = "";
			projectRoot = "";
			targets = (
				CFFEB32B2157CD2F00527450 /* foo */,
			);
		};
/* End PBXProject section */

/* Begin PBXSourcesBuildPhase section */
		CFFEB3282157CD2F00527450 /* Sources */ = {
			isa = PBXSourcesBuildPhase;
			buildActionMask = 2147483647;
			files = (
				CF7FB860219587A20063D890 /* stt_expression_sub_addition.c in Sources */,
				CF9518402157D3C2004D3F16 /* assertion.c in Sources */,
				CF376D4721653F7B000736E5 /* stt_integer_literal_subnode.c in Sources */,
				CF9518052157D33A004D3F16 /* stt_operation_args_simple_list.c in Sources */,
				CFC55B4222E3AA84003A47E0 /* rtg_named_functions_fixed_list.c in Sources */,
				CF7B83CE21A709E800E82390 /* stt_where_value_bindings_simple_list_tests.c in Sources */,
				CFA5DC3D2188E88D00D16B4B /* char_arrays_simple_list_tests.c in Sources */,
				CF9517D62157D30D004D3F16 /* tests_runner.c in Sources */,
				CFAFC9CB217CBA85000842FC /* stt_named_function_subnode.c in Sources */,
				CFAFC9C9217CBA85000842FC /* stt_named_function_subnode_tests.c in Sources */,
				CF2BC4D52232DD4A003AFD9C /* rtg_expression_sub_conditional_tests.c in Sources */,
				CF5D0E0F2167E1FB00C73CA2 /* stt_natural_literal_subnode.c in Sources */,
				CF5D0E102167E1FB00C73CA2 /* stt_rational_literal_subnode_tests.c in Sources */,
				CF9518142157D357004D3F16 /* rtg_execution_request.c in Sources */,
				CF9517FE2157D33A004D3F16 /* stt_operation.c in Sources */,
				CF376D5821653F7B000736E5 /* stt_integer_literal_subnode_tests.c in Sources */,
				CF5D03D221A0B8500011D02A /* stt_expression_sub_dice_tests.c in Sources */,
				CF9518302157D39D004D3F16 /* char_arrays_simple_list.c in Sources */,
				CF9518182157D357004D3F16 /* rtg_doc.c in Sources */,
				CF95183B2157D3B9004D3F16 /* natural.c in Sources */,
				CF0CF28A2263273B00D8CE3E /* bison_tests.c in Sources */,
				CF376D5221653F7B000736E5 /* stt_operations_simple_list_tests.c in Sources */,
				CF376D7321654022000736E5 /* natural_tests.c in Sources */,
				CF95181B2157D357004D3F16 /* rtg_applications_simple_list.c in Sources */,
				CF7FB86B219587A20063D890 /* stt_expression_sub_dice.c in Sources */,
				CF9518362157D3AD004D3F16 /* minia.tab.c in Sources */,
				CF7FB865219587A20063D890 /* stt_where_value_binding_subnode.c in Sources */,
				CF376D5921653F7B000736E5 /* stt_string_literal_subnode_tests.c in Sources */,
				CFD55539227AFE0A00A44D9B /* app_runner_tests.c in Sources */,
				CF9518042157D33A004D3F16 /* stt_applications_simple_list.c in Sources */,
				CF9517F42157D33A004D3F16 /* stt_tests.c in Sources */,
				CF7AA87A22539669004CBEA1 /* amara_strings_simple_list_tests.c in Sources */,
				CFA5DC362188E86900D16B4B /* rtg_execution_requests_simple_list_tests.c in Sources */,
				CF376D5321653F7B000736E5 /* stt_application_subnode_tests.c in Sources */,
				CF2A2D7522B98362007061C2 /* rtg_expressions_simple_list.c in Sources */,
				CF95183D2157D3B9004D3F16 /* rational.c in Sources */,
				CF7FB867219587A20063D890 /* stt_expression_sub_natural_literal.c in Sources */,
				CF9517FD2157D33A004D3F16 /* stt_operation_subnode.c in Sources */,
				CF9518132157D357004D3F16 /* rtg_operation.c in Sources */,
				CF2BC4D72234712E003AFD9C /* stt_operation_arg_tests.c in Sources */,
				CF9518422157D3CC004D3F16 /* app_runner.c in Sources */,
				CF9517F62157D33A004D3F16 /* stt_operation_arg.c in Sources */,
				CF7FB869219587A20063D890 /* stt_expression_subnode.c in Sources */,
				CF7FB86A219587A20063D890 /* stt_where_value_bindings_simple_list.c in Sources */,
				CF376D4A21653F7B000736E5 /* stt_doc_subnode_tests.c in Sources */,
				CF95182F2157D39D004D3F16 /* char_array.c in Sources */,
				CFA5DC322188E84B00D16B4B /* arn_variable_tests.c in Sources */,
				CF9517F52157D33A004D3F16 /* stt_execution_requests_simple_list.c in Sources */,
				CF5D0E0E2167E1FB00C73CA2 /* stt_natural_literal_subnode_tests.c in Sources */,
				CFA5DC302188E84B00D16B4B /* arn_tests.c in Sources */,
				CF9518062157D33A004D3F16 /* stt_operations_list_subnode.c in Sources */,
				CF8AEB39219CAF3A00103D5F /* stt_expression_sub_conditional_tests.c in Sources */,
				CFAFC9CD217CBA9F000842FC /* arn_values_fixed_list.c in Sources */,
				CF8AEB31219CAF1F00103D5F /* rtg_condition_tests.c in Sources */,
				CF7FB85E219587A20063D890 /* stt_expression_sub_identifier.c in Sources */,
				CF9518352157D3AD004D3F16 /* lex.minia.c in Sources */,
				CF376D7121654017000736E5 /* amara_string_tests.c in Sources */,
				CF7FB85F219587A20063D890 /* stt_condition_subnode.c in Sources */,
				CFFFACBE21DFC94A00B45764 /* rtg_where_value_binding_tests.c in Sources */,
				CF376D4B21653F7B000736E5 /* stt_operation_args_simple_list_tests.c in Sources */,
				CF9517F02157D33A004D3F16 /* stt_execution_request_subnode.c in Sources */,
				CF00823B21A579DB00456CD6 /* stt_where_value_binding_tests.c in Sources */,
				CF376D4D21653F7B000736E5 /* stt_execution_request_tests.c in Sources */,
				CF376D5421653F7B000736E5 /* stt_operation_tests.c in Sources */,
				CF376D6D21653F96000736E5 /* rtg_operation_args_simple_list_tests.c in Sources */,
				CF9517D82157D317004D3F16 /* dirent_wrapper.c in Sources */,
				CF5D03D421A0BD290011D02A /* stt_condition_subnode_tests.c in Sources */,
				CF9518322157D39D004D3F16 /* amara_string.c in Sources */,
				CFA5DC2D2188E84B00D16B4B /* arn_variable.c in Sources */,
				CF7FB874219587D30063D890 /* rtg_where_value_binding.c in Sources */,
				CF9518172157D357004D3F16 /* rtg_operation_arg.c in Sources */,
				CFA5DC2F2188E84B00D16B4B /* arn_variables_simple_list.c in Sources */,
				CFAFC9D0217CBACA000842FC /* rtg_named_function.c in Sources */,
				CF95183C2157D3B9004D3F16 /* basic_arithmetic_tests.c in Sources */,
				CFAFC9D1217CBACA000842FC /* rtg_named_functions_simple_list.c in Sources */,
				CF9517F82157D33A004D3F16 /* stt_doc_subnode.c in Sources */,
				CF376D6A21653F96000736E5 /* rtg_execution_request_tests.c in Sources */,
				CF9518242157D37D004D3F16 /* main.c in Sources */,
				CF376D4821653F7B000736E5 /* stt_node_tests.c in Sources */,
				CF376D6721653F96000736E5 /* rtg_operation_arg_tests.c in Sources */,
				CF66A05B217A55B7004D0B09 /* arn_value.c in Sources */,
				CFBD79F9222FE755005A6867 /* rtg_expression_sub_identifier_tests.c in Sources */,
				CF9517F32157D33A004D3F16 /* stt_node.c in Sources */,
				CF9518152157D357004D3F16 /* rtg_operations_simple_list.c in Sources */,
				CF00823F21A5F4A100456CD6 /* stt_where_value_bindings_subnode_tests.c in Sources */,
				CFAE7CE1229BEDD700C6ED35 /* stt_expressions_simple_list.c in Sources */,
				CF9518192157D357004D3F16 /* rtg_execution_requests_simple_list.c in Sources */,
				CFA5DC312188E84B00D16B4B /* arn_value_tests.c in Sources */,
				CF7B83CD21A709E800E82390 /* stt_expression_sub_identifier_tests.c in Sources */,
				CF7FB872219587D30063D890 /* rtg_expression_sub_conditional.c in Sources */,
				CF376D4621653F7B000736E5 /* stt_execution_requests_simple_list_tests.c in Sources */,
				CF95183E2157D3B9004D3F16 /* integer.c in Sources */,
				CF7B83CF21A709E800E82390 /* stt_dice_expression_tests.c in Sources */,
				CFFFACBC21DFC93000B45764 /* rtg_where_value_bindings_simple_list_tests.c in Sources */,
				CFAE7CE0229BEDD700C6ED35 /* stt_node_sub_call_options.c in Sources */,
				CF7FB866219587A20063D890 /* stt_dice_expression.c in Sources */,
				CFA5DC2E2188E84B00D16B4B /* arn_values_fixed_list_tests.c in Sources */,
				CF376D6C21653F96000736E5 /* rtg_applications_simple_list_tests.c in Sources */,
				CFA37D7C21979BB500055191 /* stt_expression_tests.c in Sources */,
				CF376D4921653F7B000736E5 /* stt_applications_simple_list_tests.c in Sources */,
				CF376D6E21653F96000736E5 /* rtg_operation_tests.c in Sources */,
				CFAFC9C8217CBA85000842FC /* stt_named_function_tests.c in Sources */,
				CF9518002157D33A004D3F16 /* stt_application.c in Sources */,
				CF9517F72157D33A004D3F16 /* stt_application_subnode.c in Sources */,
				CFAFC9C6217CBA85000842FC /* stt_named_function.c in Sources */,
				CF376D5621653F7B000736E5 /* stt_operations_list_subnode_tests.c in Sources */,
				CF9518212157D375004D3F16 /* persistence.c in Sources */,
				CFA5DC332188E84B00D16B4B /* arn_variables_simple_list_tests.c in Sources */,
				CF95181E2157D357004D3F16 /* rtg_operation_args_simple_list.c in Sources */,
				CFA37D7A21979B8F00055191 /* rtg_expression_tests.c in Sources */,
				CF1BF8CC22A66B3100D2081A /* rtg_expression_sub_function_call.c in Sources */,
				CF9518282157D38E004D3F16 /* stdio_ninety_nine_modernizer.c in Sources */,
				CF7FB862219587A20063D890 /* stt_where_value_bindings_subnode.c in Sources */,
				CF9518032157D33A004D3F16 /* stt_identifier_subnode.c in Sources */,
				CFA5DC392188E88200D16B4B /* rational_tests.c in Sources */,
				CF8AEB32219CAF1F00103D5F /* rtg_expression_sub_natural_literal.c in Sources */,
				CF66A059217A558F004D0B09 /* arn_values_simple_list.c in Sources */,
				CFAE7CDF229BEDD700C6ED35 /* stt_expression_sub_function_call.c in Sources */,
				CF5D03D021A015920011D02A /* rtg_expression_sub_identifier.c in Sources */,
				CF5D0E0D2167E1FB00C73CA2 /* stt_rational_literal_subnode.c in Sources */,
				CF95181D2157D357004D3F16 /* rtg_application.c in Sources */,
				CF376D6921653F96000736E5 /* rtg_operations_simple_list_tests.c in Sources */,
				CF8AEB37219CAF3A00103D5F /* stt_condition_tests.c in Sources */,
				CF0CF28B2263273B00D8CE3E /* flex_tests.c in Sources */,
				CFA5DC3E2188E88D00D16B4B /* char_array_tests.c in Sources */,
				CF1E1A4E224E9AEE004CDDEE /* amara_strings_simple_list.c in Sources */,
				CF8AEB38219CAF3A00103D5F /* stt_expression_sub_string_literal.c in Sources */,
				CF376D4521653F7B000736E5 /* stt_execution_request_subnode_tests.c in Sources */,
				CFA5DC342188E84B00D16B4B /* arn_values_simple_list_tests.c in Sources */,
				CFA5DC3A2188E88200D16B4B /* integer_tests.c in Sources */,
				CF376D4E21653F7B000736E5 /* stt_application_tests.c in Sources */,
				CF7FB864219587A20063D890 /* stt_expression_sub_conditional.c in Sources */,
				CF8AEB33219CAF1F00103D5F /* rtg_expression_sub_string_literal.c in Sources */,
				CF9517F12157D33A004D3F16 /* stt_operations_simple_list.c in Sources */,
				CF00823D21A5E1F800456CD6 /* stt_where_value_binding_subnode_tests.c in Sources */,
				CFBD79F8222FE755005A6867 /* rtg_expression_sub_dice_tests.c in Sources */,
				CF7FB868219587A20063D890 /* stt_condition.c in Sources */,
				CF7FB876219587D30063D890 /* rtg_expression.c in Sources */,
				CF7FB863219587A20063D890 /* stt_where_value_binding.c in Sources */,
				CF9518222157D375004D3F16 /* persistence_tests.c in Sources */,
				CF9517FB2157D33A004D3F16 /* stt_execution_request.c in Sources */,
				CF376D6F21653F96000736E5 /* rtg_tests.c in Sources */,
				CF7FB877219587D30063D890 /* rtg_expression_sub_dice.c in Sources */,
				CFAFC9C7217CBA85000842FC /* stt_named_functions_simple_list.c in Sources */,
				CF9518312157D39D004D3F16 /* common_tests.c in Sources */,
				CF7B83D021A709E800E82390 /* stt_expression_subnode_tests.c in Sources */,
				CF9517F22157D33A004D3F16 /* stt_string_literal_subnode.c in Sources */,
				CFAFC9D4217CBAE0000842FC /* rtg_named_functions_simple_list_tests.c in Sources */,
				CFAFC9D5217CBAE0000842FC /* rtg_named_function_tests.c in Sources */,
				CF7FB875219587D30063D890 /* rtg_where_value_bindings_simple_list.c in Sources */,
				CF7FB873219587D30063D890 /* rtg_condition.c in Sources */,
				CF9518262157D385004D3F16 /* arg.c in Sources */,
				CF7FB861219587A20063D890 /* stt_expression.c in Sources */,
				CF376D6521653F96000736E5 /* rtg_doc_tests.c in Sources */,
				CF376D5521653F7B000736E5 /* stt_operation_subnode_tests.c in Sources */,
				CF7FB87B2195A8530063D890 /* arn_type_tests.c in Sources */,
				CFAFC9CA217CBA85000842FC /* stt_named_functions_simple_list_tests.c in Sources */,
				CF7FB879219587E70063D890 /* arn_type.c in Sources */,
				CF376D5021653F7B000736E5 /* stt_identifier_subnode_tests.c in Sources */,
				CFAE7CE2229BEDD700C6ED35 /* stt_node_sub_expressions_list.c in Sources */,
				CF376D6B21653F96000736E5 /* rtg_application_tests.c in Sources */,
			);
			runOnlyForDeploymentPostprocessing = 0;
		};
/* End PBXSourcesBuildPhase section */

/* Begin XCBuildConfiguration section */
		CFFEB3312157CD2F00527450 /* Debug */ = {
			isa = XCBuildConfiguration;
			buildSettings = {
				ALWAYS_SEARCH_USER_PATHS = NO;
				CLANG_ANALYZER_NONNULL = YES;
				CLANG_ANALYZER_NUMBER_OBJECT_CONVERSION = YES_AGGRESSIVE;
				CLANG_CXX_LANGUAGE_STANDARD = "gnu++14";
				CLANG_CXX_LIBRARY = "libc++";
				CLANG_ENABLE_MODULES = YES;
				CLANG_ENABLE_OBJC_ARC = YES;
				CLANG_WARN_BLOCK_CAPTURE_AUTORELEASING = YES;
				CLANG_WARN_BOOL_CONVERSION = YES;
				CLANG_WARN_COMMA = YES;
				CLANG_WARN_CONSTANT_CONVERSION = YES;
				CLANG_WARN_DEPRECATED_OBJC_IMPLEMENTATIONS = YES;
				CLANG_WARN_DIRECT_OBJC_ISA_USAGE = YES_ERROR;
				CLANG_WARN_DOCUMENTATION_COMMENTS = YES;
				CLANG_WARN_EMPTY_BODY = YES;
				CLANG_WARN_ENUM_CONVERSION = YES;
				CLANG_WARN_INFINITE_RECURSION = YES;
				CLANG_WARN_INT_CONVERSION = YES;
				CLANG_WARN_NON_LITERAL_NULL_CONVERSION = YES;
				CLANG_WARN_OBJC_IMPLICIT_RETAIN_SELF = YES;
				CLANG_WARN_OBJC_LITERAL_CONVERSION = YES;
				CLANG_WARN_OBJC_ROOT_CLASS = YES_ERROR;
				CLANG_WARN_RANGE_LOOP_ANALYSIS = YES;
				CLANG_WARN_STRICT_PROTOTYPES = YES;
				CLANG_WARN_SUSPICIOUS_MOVE = YES;
				CLANG_WARN_UNGUARDED_AVAILABILITY = YES_AGGRESSIVE;
				CLANG_WARN_UNREACHABLE_CODE = YES;
				CLANG_WARN__DUPLICATE_METHOD_MATCH = YES;
				CODE_SIGN_IDENTITY = "-";
				COPY_PHASE_STRIP = NO;
				DEBUG_INFORMATION_FORMAT = dwarf;
				ENABLE_STRICT_OBJC_MSGSEND = YES;
				ENABLE_TESTABILITY = YES;
				GCC_C_LANGUAGE_STANDARD = ansi;
				GCC_DYNAMIC_NO_PIC = NO;
				GCC_NO_COMMON_BLOCKS = YES;
				GCC_OPTIMIZATION_LEVEL = 0;
				GCC_PREPROCESSOR_DEFINITIONS = (
					"DEBUG=1",
					"$(inherited)",
				);
				GCC_WARN_64_TO_32_BIT_CONVERSION = YES;
				GCC_WARN_ABOUT_RETURN_TYPE = YES_ERROR;
				GCC_WARN_UNDECLARED_SELECTOR = YES;
				GCC_WARN_UNINITIALIZED_AUTOS = YES_AGGRESSIVE;
				GCC_WARN_UNUSED_FUNCTION = YES;
				GCC_WARN_UNUSED_VARIABLE = YES;
				MACOSX_DEPLOYMENT_TARGET = 10.13;
				MTL_ENABLE_DEBUG_INFO = YES;
				ONLY_ACTIVE_ARCH = YES;
				SDKROOT = macosx;
			};
			name = Debug;
		};
		CFFEB3322157CD2F00527450 /* Release */ = {
			isa = XCBuildConfiguration;
			buildSettings = {
				ALWAYS_SEARCH_USER_PATHS = NO;
				CLANG_ANALYZER_NONNULL = YES;
				CLANG_ANALYZER_NUMBER_OBJECT_CONVERSION = YES_AGGRESSIVE;
				CLANG_CXX_LANGUAGE_STANDARD = "gnu++14";
				CLANG_CXX_LIBRARY = "libc++";
				CLANG_ENABLE_MODULES = YES;
				CLANG_ENABLE_OBJC_ARC = YES;
				CLANG_WARN_BLOCK_CAPTURE_AUTORELEASING = YES;
				CLANG_WARN_BOOL_CONVERSION = YES;
				CLANG_WARN_COMMA = YES;
				CLANG_WARN_CONSTANT_CONVERSION = YES;
				CLANG_WARN_DEPRECATED_OBJC_IMPLEMENTATIONS = YES;
				CLANG_WARN_DIRECT_OBJC_ISA_USAGE = YES_ERROR;
				CLANG_WARN_DOCUMENTATION_COMMENTS = YES;
				CLANG_WARN_EMPTY_BODY = YES;
				CLANG_WARN_ENUM_CONVERSION = YES;
				CLANG_WARN_INFINITE_RECURSION = YES;
				CLANG_WARN_INT_CONVERSION = YES;
				CLANG_WARN_NON_LITERAL_NULL_CONVERSION = YES;
				CLANG_WARN_OBJC_IMPLICIT_RETAIN_SELF = YES;
				CLANG_WARN_OBJC_LITERAL_CONVERSION = YES;
				CLANG_WARN_OBJC_ROOT_CLASS = YES_ERROR;
				CLANG_WARN_RANGE_LOOP_ANALYSIS = YES;
				CLANG_WARN_STRICT_PROTOTYPES = YES;
				CLANG_WARN_SUSPICIOUS_MOVE = YES;
				CLANG_WARN_UNGUARDED_AVAILABILITY = YES_AGGRESSIVE;
				CLANG_WARN_UNREACHABLE_CODE = YES;
				CLANG_WARN__DUPLICATE_METHOD_MATCH = YES;
				CODE_SIGN_IDENTITY = "-";
				COPY_PHASE_STRIP = NO;
				DEBUG_INFORMATION_FORMAT = "dwarf-with-dsym";
				ENABLE_NS_ASSERTIONS = NO;
				ENABLE_STRICT_OBJC_MSGSEND = YES;
				GCC_C_LANGUAGE_STANDARD = ansi;
				GCC_NO_COMMON_BLOCKS = YES;
				GCC_WARN_64_TO_32_BIT_CONVERSION = YES;
				GCC_WARN_ABOUT_RETURN_TYPE = YES_ERROR;
				GCC_WARN_UNDECLARED_SELECTOR = YES;
				GCC_WARN_UNINITIALIZED_AUTOS = YES_AGGRESSIVE;
				GCC_WARN_UNUSED_FUNCTION = YES;
				GCC_WARN_UNUSED_VARIABLE = YES;
				MACOSX_DEPLOYMENT_TARGET = 10.13;
				MTL_ENABLE_DEBUG_INFO = NO;
				SDKROOT = macosx;
			};
			name = Release;
		};
		CFFEB3342157CD2F00527450 /* Debug */ = {
			isa = XCBuildConfiguration;
			buildSettings = {
				CODE_SIGN_STYLE = Automatic;
				OTHER_CFLAGS = "-DCLANG";
				PRODUCT_NAME = "$(TARGET_NAME)";
			};
			name = Debug;
		};
		CFFEB3352157CD2F00527450 /* Release */ = {
			isa = XCBuildConfiguration;
			buildSettings = {
				CODE_SIGN_STYLE = Automatic;
				OTHER_CFLAGS = "-DCLANG";
				PRODUCT_NAME = "$(TARGET_NAME)";
			};
			name = Release;
		};
/* End XCBuildConfiguration section */

/* Begin XCConfigurationList section */
		CFFEB3272157CD2F00527450 /* Build configuration list for PBXProject "amara" */ = {
			isa = XCConfigurationList;
			buildConfigurations = (
				CFFEB3312157CD2F00527450 /* Debug */,
				CFFEB3322157CD2F00527450 /* Release */,
			);
			defaultConfigurationIsVisible = 0;
			defaultConfigurationName = Release;
		};
		CFFEB3332157CD2F00527450 /* Build configuration list for PBXNativeTarget "foo" */ = {
			isa = XCConfigurationList;
			buildConfigurations = (
				CFFEB3342157CD2F00527450 /* Debug */,
				CFFEB3352157CD2F00527450 /* Release */,
			);
			defaultConfigurationIsVisible = 0;
			defaultConfigurationName = Release;
		};
/* End XCConfigurationList section */
	};
	rootObject = CFFEB3242157CD2F00527450 /* Project object */;
}
